// !$*UTF8*$!
{
	archiveVersion = 1;
	classes = {
	};
	objectVersion = 56;
	objects = {

/* Begin PBXBuildFile section */
		CE0F159D2993B9B000295B43 /* APIConfig.swift in Sources */ = {isa = PBXBuildFile; fileRef = CE0F159C2993B9B000295B43 /* APIConfig.swift */; };
		CE0F15A02993BB5B00295B43 /* APIConfig.Error.swift in Sources */ = {isa = PBXBuildFile; fileRef = CE0F159F2993BB5B00295B43 /* APIConfig.Error.swift */; };
		CE0F15A22993BBF000295B43 /* APIConfig+Error.swift in Sources */ = {isa = PBXBuildFile; fileRef = CE0F15A12993BBF000295B43 /* APIConfig+Error.swift */; };
		CE0F15A42993F5DD00295B43 /* APIConfig.Parameters.swift in Sources */ = {isa = PBXBuildFile; fileRef = CE0F15A32993F5DD00295B43 /* APIConfig.Parameters.swift */; };
		CE0F15A62993F5FE00295B43 /* APIConfig+Request.swift in Sources */ = {isa = PBXBuildFile; fileRef = CE0F15A52993F5FE00295B43 /* APIConfig+Request.swift */; };
		CE0F15A92993FC6C00295B43 /* Domain.Talkbbokki.swift in Sources */ = {isa = PBXBuildFile; fileRef = CE0F15A82993FC6C00295B43 /* Domain.Talkbbokki.swift */; };
		CE0F15AB2993FD2800295B43 /* API.swift in Sources */ = {isa = PBXBuildFile; fileRef = CE0F15AA2993FD2800295B43 /* API.swift */; };
		CE0F15AD2993FD8F00295B43 /* Talkbbokki.Error.swift in Sources */ = {isa = PBXBuildFile; fileRef = CE0F15AC2993FD8F00295B43 /* Talkbbokki.Error.swift */; };
		CE0F15AF2994007300295B43 /* Model.Category.swift in Sources */ = {isa = PBXBuildFile; fileRef = CE0F15AE2994007300295B43 /* Model.Category.swift */; };
		CE39E1132986503900E3C93D /* Model.Card.swift in Sources */ = {isa = PBXBuildFile; fileRef = CE39E1122986503900E3C93D /* Model.Card.swift */; };
		CE39E1152986504400E3C93D /* Model.swift in Sources */ = {isa = PBXBuildFile; fileRef = CE39E1142986504400E3C93D /* Model.swift */; };
		CE39E1172986507F00E3C93D /* CardView.swift in Sources */ = {isa = PBXBuildFile; fileRef = CE39E1162986507F00E3C93D /* CardView.swift */; };
		CE39E119298650BB00E3C93D /* CardListView.swift in Sources */ = {isa = PBXBuildFile; fileRef = CE39E118298650BB00E3C93D /* CardListView.swift */; };
		CE498377299A9DCB008A3968 /* DetailCardReducer.swift in Sources */ = {isa = PBXBuildFile; fileRef = CE498376299A9DCB008A3968 /* DetailCardReducer.swift */; };
		CE6EBF03299A88F100FA4DE1 /* Pretendard-Bold.otf in Resources */ = {isa = PBXBuildFile; fileRef = CE6EBEFA299A88F000FA4DE1 /* Pretendard-Bold.otf */; };
		CE6EBF04299A88F100FA4DE1 /* Pretendard-ExtraBold.otf in Resources */ = {isa = PBXBuildFile; fileRef = CE6EBEFB299A88F000FA4DE1 /* Pretendard-ExtraBold.otf */; };
		CE6EBF05299A88F100FA4DE1 /* Pretendard-SemiBold.otf in Resources */ = {isa = PBXBuildFile; fileRef = CE6EBEFC299A88F000FA4DE1 /* Pretendard-SemiBold.otf */; };
		CE6EBF06299A88F100FA4DE1 /* Pretendard-Black.otf in Resources */ = {isa = PBXBuildFile; fileRef = CE6EBEFD299A88F000FA4DE1 /* Pretendard-Black.otf */; };
		CE6EBF07299A88F100FA4DE1 /* Pretendard-Thin.otf in Resources */ = {isa = PBXBuildFile; fileRef = CE6EBEFE299A88F100FA4DE1 /* Pretendard-Thin.otf */; };
		CE6EBF08299A88F100FA4DE1 /* Pretendard-Regular.otf in Resources */ = {isa = PBXBuildFile; fileRef = CE6EBEFF299A88F100FA4DE1 /* Pretendard-Regular.otf */; };
		CE6EBF09299A88F100FA4DE1 /* Pretendard-ExtraLight.otf in Resources */ = {isa = PBXBuildFile; fileRef = CE6EBF00299A88F100FA4DE1 /* Pretendard-ExtraLight.otf */; };
		CE6EBF0A299A88F100FA4DE1 /* Pretendard-Medium.otf in Resources */ = {isa = PBXBuildFile; fileRef = CE6EBF01299A88F100FA4DE1 /* Pretendard-Medium.otf */; };
		CE6EBF0B299A88F100FA4DE1 /* Pretendard-Light.otf in Resources */ = {isa = PBXBuildFile; fileRef = CE6EBF02299A88F100FA4DE1 /* Pretendard-Light.otf */; };
		CE858E852995427500F2FC42 /* CategoryView.swift in Sources */ = {isa = PBXBuildFile; fileRef = CE858E842995427500F2FC42 /* CategoryView.swift */; };
		CE858E872995468D00F2FC42 /* CategoryReducer.swift in Sources */ = {isa = PBXBuildFile; fileRef = CE858E862995468D00F2FC42 /* CategoryReducer.swift */; };
		CEB93F2F2996B54A001087B6 /* Extension.swift in Sources */ = {isa = PBXBuildFile; fileRef = CEB93F2E2996B54A001087B6 /* Extension.swift */; };
		CEB93F322997F776001087B6 /* ConfirmButtonView.swift in Sources */ = {isa = PBXBuildFile; fileRef = CEB93F312997F776001087B6 /* ConfirmButtonView.swift */; };
		CEB93F352997FD3F001087B6 /* DetailCardView.swift in Sources */ = {isa = PBXBuildFile; fileRef = CEB93F342997FD3F001087B6 /* DetailCardView.swift */; };
		CEB93F37299801FB001087B6 /* View+.swift in Sources */ = {isa = PBXBuildFile; fileRef = CEB93F36299801FB001087B6 /* View+.swift */; };
		CEB93F3929980B3B001087B6 /* Array+.swift in Sources */ = {isa = PBXBuildFile; fileRef = CEB93F3829980B3B001087B6 /* Array+.swift */; };
		CEB93F4F2998C080001087B6 /* Font+.swift in Sources */ = {isa = PBXBuildFile; fileRef = CEB93F4E2998C080001087B6 /* Font+.swift */; };
		CEB93F512998CA32001087B6 /* CardListReducer.swift in Sources */ = {isa = PBXBuildFile; fileRef = CEB93F502998CA32001087B6 /* CardListReducer.swift */; };
		CEB93F53299940DF001087B6 /* HapticManager.swift in Sources */ = {isa = PBXBuildFile; fileRef = CEB93F52299940DF001087B6 /* HapticManager.swift */; };
		CEC6327D297EBB5E00D9011E /* talkbbokkiApp.swift in Sources */ = {isa = PBXBuildFile; fileRef = CEC6327C297EBB5E00D9011E /* talkbbokkiApp.swift */; };
		CEC6327F297EBB5E00D9011E /* ContentView.swift in Sources */ = {isa = PBXBuildFile; fileRef = CEC6327E297EBB5E00D9011E /* ContentView.swift */; };
		CEC63281297EBB5F00D9011E /* Assets.xcassets in Resources */ = {isa = PBXBuildFile; fileRef = CEC63280297EBB5F00D9011E /* Assets.xcassets */; };
		CEC63285297EBB5F00D9011E /* Preview Assets.xcassets in Resources */ = {isa = PBXBuildFile; fileRef = CEC63284297EBB5F00D9011E /* Preview Assets.xcassets */; };
		CEC6328F297EBB5F00D9011E /* talkbbokkiTests.swift in Sources */ = {isa = PBXBuildFile; fileRef = CEC6328E297EBB5F00D9011E /* talkbbokkiTests.swift */; };
		CEC63299297EBB5F00D9011E /* talkbbokkiUITests.swift in Sources */ = {isa = PBXBuildFile; fileRef = CEC63298297EBB5F00D9011E /* talkbbokkiUITests.swift */; };
		CEC6329B297EBB5F00D9011E /* talkbbokkiUITestsLaunchTests.swift in Sources */ = {isa = PBXBuildFile; fileRef = CEC6329A297EBB5F00D9011E /* talkbbokkiUITestsLaunchTests.swift */; };
		CEE72A912982B2820047403A /* Alamofire in Frameworks */ = {isa = PBXBuildFile; productRef = CEE72A902982B2820047403A /* Alamofire */; };
		CEE72A942982B2C10047403A /* ComposableArchitecture in Frameworks */ = {isa = PBXBuildFile; productRef = CEE72A932982B2C10047403A /* ComposableArchitecture */; };
/* End PBXBuildFile section */

/* Begin PBXContainerItemProxy section */
		CEC6328B297EBB5F00D9011E /* PBXContainerItemProxy */ = {
			isa = PBXContainerItemProxy;
			containerPortal = CEC63271297EBB5E00D9011E /* Project object */;
			proxyType = 1;
			remoteGlobalIDString = CEC63278297EBB5E00D9011E;
			remoteInfo = talkbbokki;
		};
		CEC63295297EBB5F00D9011E /* PBXContainerItemProxy */ = {
			isa = PBXContainerItemProxy;
			containerPortal = CEC63271297EBB5E00D9011E /* Project object */;
			proxyType = 1;
			remoteGlobalIDString = CEC63278297EBB5E00D9011E;
			remoteInfo = talkbbokki;
		};
/* End PBXContainerItemProxy section */

/* Begin PBXFileReference section */
		CE0F159C2993B9B000295B43 /* APIConfig.swift */ = {isa = PBXFileReference; lastKnownFileType = sourcecode.swift; path = APIConfig.swift; sourceTree = "<group>"; };
		CE0F159F2993BB5B00295B43 /* APIConfig.Error.swift */ = {isa = PBXFileReference; lastKnownFileType = sourcecode.swift; path = APIConfig.Error.swift; sourceTree = "<group>"; };
		CE0F15A12993BBF000295B43 /* APIConfig+Error.swift */ = {isa = PBXFileReference; lastKnownFileType = sourcecode.swift; path = "APIConfig+Error.swift"; sourceTree = "<group>"; };
		CE0F15A32993F5DD00295B43 /* APIConfig.Parameters.swift */ = {isa = PBXFileReference; lastKnownFileType = sourcecode.swift; path = APIConfig.Parameters.swift; sourceTree = "<group>"; };
		CE0F15A52993F5FE00295B43 /* APIConfig+Request.swift */ = {isa = PBXFileReference; lastKnownFileType = sourcecode.swift; path = "APIConfig+Request.swift"; sourceTree = "<group>"; };
		CE0F15A82993FC6C00295B43 /* Domain.Talkbbokki.swift */ = {isa = PBXFileReference; lastKnownFileType = sourcecode.swift; path = Domain.Talkbbokki.swift; sourceTree = "<group>"; };
		CE0F15AA2993FD2800295B43 /* API.swift */ = {isa = PBXFileReference; lastKnownFileType = sourcecode.swift; path = API.swift; sourceTree = "<group>"; };
		CE0F15AC2993FD8F00295B43 /* Talkbbokki.Error.swift */ = {isa = PBXFileReference; lastKnownFileType = sourcecode.swift; path = Talkbbokki.Error.swift; sourceTree = "<group>"; };
		CE0F15AE2994007300295B43 /* Model.Category.swift */ = {isa = PBXFileReference; lastKnownFileType = sourcecode.swift; path = Model.Category.swift; sourceTree = "<group>"; };
		CE0F15B02994025F00295B43 /* Info.plist */ = {isa = PBXFileReference; lastKnownFileType = text.plist; path = Info.plist; sourceTree = "<group>"; };
		CE39E1122986503900E3C93D /* Model.Card.swift */ = {isa = PBXFileReference; lastKnownFileType = sourcecode.swift; path = Model.Card.swift; sourceTree = "<group>"; };
		CE39E1142986504400E3C93D /* Model.swift */ = {isa = PBXFileReference; lastKnownFileType = sourcecode.swift; path = Model.swift; sourceTree = "<group>"; };
		CE39E1162986507F00E3C93D /* CardView.swift */ = {isa = PBXFileReference; lastKnownFileType = sourcecode.swift; path = CardView.swift; sourceTree = "<group>"; };
		CE39E118298650BB00E3C93D /* CardListView.swift */ = {isa = PBXFileReference; lastKnownFileType = sourcecode.swift; path = CardListView.swift; sourceTree = "<group>"; };
		CE498376299A9DCB008A3968 /* DetailCardReducer.swift */ = {isa = PBXFileReference; lastKnownFileType = sourcecode.swift; path = DetailCardReducer.swift; sourceTree = "<group>"; };
		CE6EBEFA299A88F000FA4DE1 /* Pretendard-Bold.otf */ = {isa = PBXFileReference; lastKnownFileType = file; path = "Pretendard-Bold.otf"; sourceTree = "<group>"; };
		CE6EBEFB299A88F000FA4DE1 /* Pretendard-ExtraBold.otf */ = {isa = PBXFileReference; lastKnownFileType = file; path = "Pretendard-ExtraBold.otf"; sourceTree = "<group>"; };
		CE6EBEFC299A88F000FA4DE1 /* Pretendard-SemiBold.otf */ = {isa = PBXFileReference; lastKnownFileType = file; path = "Pretendard-SemiBold.otf"; sourceTree = "<group>"; };
		CE6EBEFD299A88F000FA4DE1 /* Pretendard-Black.otf */ = {isa = PBXFileReference; lastKnownFileType = file; path = "Pretendard-Black.otf"; sourceTree = "<group>"; };
		CE6EBEFE299A88F100FA4DE1 /* Pretendard-Thin.otf */ = {isa = PBXFileReference; lastKnownFileType = file; path = "Pretendard-Thin.otf"; sourceTree = "<group>"; };
		CE6EBEFF299A88F100FA4DE1 /* Pretendard-Regular.otf */ = {isa = PBXFileReference; lastKnownFileType = file; path = "Pretendard-Regular.otf"; sourceTree = "<group>"; };
		CE6EBF00299A88F100FA4DE1 /* Pretendard-ExtraLight.otf */ = {isa = PBXFileReference; lastKnownFileType = file; path = "Pretendard-ExtraLight.otf"; sourceTree = "<group>"; };
		CE6EBF01299A88F100FA4DE1 /* Pretendard-Medium.otf */ = {isa = PBXFileReference; lastKnownFileType = file; path = "Pretendard-Medium.otf"; sourceTree = "<group>"; };
		CE6EBF02299A88F100FA4DE1 /* Pretendard-Light.otf */ = {isa = PBXFileReference; lastKnownFileType = file; path = "Pretendard-Light.otf"; sourceTree = "<group>"; };
		CE858E842995427500F2FC42 /* CategoryView.swift */ = {isa = PBXFileReference; lastKnownFileType = sourcecode.swift; path = CategoryView.swift; sourceTree = "<group>"; };
		CE858E862995468D00F2FC42 /* CategoryReducer.swift */ = {isa = PBXFileReference; lastKnownFileType = sourcecode.swift; path = CategoryReducer.swift; sourceTree = "<group>"; };
		CEB93F2E2996B54A001087B6 /* Extension.swift */ = {isa = PBXFileReference; lastKnownFileType = sourcecode.swift; path = Extension.swift; sourceTree = "<group>"; };
		CEB93F312997F776001087B6 /* ConfirmButtonView.swift */ = {isa = PBXFileReference; lastKnownFileType = sourcecode.swift; path = ConfirmButtonView.swift; sourceTree = "<group>"; };
		CEB93F342997FD3F001087B6 /* DetailCardView.swift */ = {isa = PBXFileReference; lastKnownFileType = sourcecode.swift; path = DetailCardView.swift; sourceTree = "<group>"; };
		CEB93F36299801FB001087B6 /* View+.swift */ = {isa = PBXFileReference; lastKnownFileType = sourcecode.swift; path = "View+.swift"; sourceTree = "<group>"; };
		CEB93F3829980B3B001087B6 /* Array+.swift */ = {isa = PBXFileReference; lastKnownFileType = sourcecode.swift; path = "Array+.swift"; sourceTree = "<group>"; };
		CEB93F4E2998C080001087B6 /* Font+.swift */ = {isa = PBXFileReference; lastKnownFileType = sourcecode.swift; path = "Font+.swift"; sourceTree = "<group>"; };
		CEB93F502998CA32001087B6 /* CardListReducer.swift */ = {isa = PBXFileReference; lastKnownFileType = sourcecode.swift; path = CardListReducer.swift; sourceTree = "<group>"; };
		CEB93F52299940DF001087B6 /* HapticManager.swift */ = {isa = PBXFileReference; lastKnownFileType = sourcecode.swift; path = HapticManager.swift; sourceTree = "<group>"; };
		CEC63279297EBB5E00D9011E /* talkbbokki.app */ = {isa = PBXFileReference; explicitFileType = wrapper.application; includeInIndex = 0; path = talkbbokki.app; sourceTree = BUILT_PRODUCTS_DIR; };
		CEC6327C297EBB5E00D9011E /* talkbbokkiApp.swift */ = {isa = PBXFileReference; lastKnownFileType = sourcecode.swift; path = talkbbokkiApp.swift; sourceTree = "<group>"; };
		CEC6327E297EBB5E00D9011E /* ContentView.swift */ = {isa = PBXFileReference; lastKnownFileType = sourcecode.swift; path = ContentView.swift; sourceTree = "<group>"; };
		CEC63280297EBB5F00D9011E /* Assets.xcassets */ = {isa = PBXFileReference; lastKnownFileType = folder.assetcatalog; path = Assets.xcassets; sourceTree = "<group>"; };
		CEC63282297EBB5F00D9011E /* talkbbokki.entitlements */ = {isa = PBXFileReference; lastKnownFileType = text.plist.entitlements; path = talkbbokki.entitlements; sourceTree = "<group>"; };
		CEC63284297EBB5F00D9011E /* Preview Assets.xcassets */ = {isa = PBXFileReference; lastKnownFileType = folder.assetcatalog; path = "Preview Assets.xcassets"; sourceTree = "<group>"; };
		CEC6328A297EBB5F00D9011E /* talkbbokkiTests.xctest */ = {isa = PBXFileReference; explicitFileType = wrapper.cfbundle; includeInIndex = 0; path = talkbbokkiTests.xctest; sourceTree = BUILT_PRODUCTS_DIR; };
		CEC6328E297EBB5F00D9011E /* talkbbokkiTests.swift */ = {isa = PBXFileReference; lastKnownFileType = sourcecode.swift; path = talkbbokkiTests.swift; sourceTree = "<group>"; };
		CEC63294297EBB5F00D9011E /* talkbbokkiUITests.xctest */ = {isa = PBXFileReference; explicitFileType = wrapper.cfbundle; includeInIndex = 0; path = talkbbokkiUITests.xctest; sourceTree = BUILT_PRODUCTS_DIR; };
		CEC63298297EBB5F00D9011E /* talkbbokkiUITests.swift */ = {isa = PBXFileReference; lastKnownFileType = sourcecode.swift; path = talkbbokkiUITests.swift; sourceTree = "<group>"; };
		CEC6329A297EBB5F00D9011E /* talkbbokkiUITestsLaunchTests.swift */ = {isa = PBXFileReference; lastKnownFileType = sourcecode.swift; path = talkbbokkiUITestsLaunchTests.swift; sourceTree = "<group>"; };
/* End PBXFileReference section */

/* Begin PBXFrameworksBuildPhase section */
		CEC63276297EBB5E00D9011E /* Frameworks */ = {
			isa = PBXFrameworksBuildPhase;
			buildActionMask = 2147483647;
			files = (
				CEE72A942982B2C10047403A /* ComposableArchitecture in Frameworks */,
				CEE72A912982B2820047403A /* Alamofire in Frameworks */,
			);
			runOnlyForDeploymentPostprocessing = 0;
		};
		CEC63287297EBB5F00D9011E /* Frameworks */ = {
			isa = PBXFrameworksBuildPhase;
			buildActionMask = 2147483647;
			files = (
			);
			runOnlyForDeploymentPostprocessing = 0;
		};
		CEC63291297EBB5F00D9011E /* Frameworks */ = {
			isa = PBXFrameworksBuildPhase;
			buildActionMask = 2147483647;
			files = (
			);
			runOnlyForDeploymentPostprocessing = 0;
		};
/* End PBXFrameworksBuildPhase section */

/* Begin PBXGroup section */
		CE0F159E2993B9BE00295B43 /* APIConfig */ = {
			isa = PBXGroup;
			children = (
				CE0F159C2993B9B000295B43 /* APIConfig.swift */,
				CE0F159F2993BB5B00295B43 /* APIConfig.Error.swift */,
				CE0F15A32993F5DD00295B43 /* APIConfig.Parameters.swift */,
				CE0F15A12993BBF000295B43 /* APIConfig+Error.swift */,
				CE0F15A52993F5FE00295B43 /* APIConfig+Request.swift */,
			);
			path = APIConfig;
			sourceTree = "<group>";
		};
		CE0F15A72993FC6000295B43 /* API */ = {
			isa = PBXGroup;
			children = (
				CE0F15A82993FC6C00295B43 /* Domain.Talkbbokki.swift */,
				CE0F15AA2993FD2800295B43 /* API.swift */,
				CE0F15AC2993FD8F00295B43 /* Talkbbokki.Error.swift */,
			);
			path = API;
			sourceTree = "<group>";
		};
		CE39E10D2984F69300E3C93D /* Networking */ = {
			isa = PBXGroup;
			children = (
				CE0F15A72993FC6000295B43 /* API */,
				CE0F159E2993B9BE00295B43 /* APIConfig */,
			);
			path = Networking;
			sourceTree = "<group>";
		};
		CE39E10E29864FF300E3C93D /* CardList */ = {
			isa = PBXGroup;
			children = (
				CE39E1162986507F00E3C93D /* CardView.swift */,
				CE39E118298650BB00E3C93D /* CardListView.swift */,
				CEB93F502998CA32001087B6 /* CardListReducer.swift */,
			);
			path = CardList;
			sourceTree = "<group>";
		};
		CE39E1112986502F00E3C93D /* Model */ = {
			isa = PBXGroup;
			children = (
				CE39E1142986504400E3C93D /* Model.swift */,
				CE39E1122986503900E3C93D /* Model.Card.swift */,
				CE0F15AE2994007300295B43 /* Model.Category.swift */,
			);
			path = Model;
			sourceTree = "<group>";
		};
		CE858E822995426000F2FC42 /* View */ = {
			isa = PBXGroup;
			children = (
				CEB93F302997F76C001087B6 /* Common */,
				CE858E832995426900F2FC42 /* Category */,
				CE39E10E29864FF300E3C93D /* CardList */,
				CEB93F332997FD30001087B6 /* Detail */,
			);
			path = View;
			sourceTree = "<group>";
		};
		CE858E832995426900F2FC42 /* Category */ = {
			isa = PBXGroup;
			children = (
				CE858E842995427500F2FC42 /* CategoryView.swift */,
				CE858E862995468D00F2FC42 /* CategoryReducer.swift */,
			);
			path = Category;
			sourceTree = "<group>";
		};
		CEB93F2D2996B541001087B6 /* Common */ = {
			isa = PBXGroup;
			children = (
				CEB93F2E2996B54A001087B6 /* Extension.swift */,
				CEB93F36299801FB001087B6 /* View+.swift */,
				CEB93F3829980B3B001087B6 /* Array+.swift */,
				CEB93F4E2998C080001087B6 /* Font+.swift */,
				CEB93F52299940DF001087B6 /* HapticManager.swift */,
			);
			path = Common;
			sourceTree = "<group>";
		};
		CEB93F302997F76C001087B6 /* Common */ = {
			isa = PBXGroup;
			children = (
				CEB93F312997F776001087B6 /* ConfirmButtonView.swift */,
			);
			path = Common;
			sourceTree = "<group>";
		};
		CEB93F332997FD30001087B6 /* Detail */ = {
			isa = PBXGroup;
			children = (
				CEB93F342997FD3F001087B6 /* DetailCardView.swift */,
				CE498376299A9DCB008A3968 /* DetailCardReducer.swift */,
			);
			path = Detail;
			sourceTree = "<group>";
		};
		CEB93F3A2998BFE2001087B6 /* Resources */ = {
			isa = PBXGroup;
			children = (
				CEC63280297EBB5F00D9011E /* Assets.xcassets */,
				CEB93F3B2998BFE9001087B6 /* Font */,
			);
			path = Resources;
			sourceTree = "<group>";
		};
		CEB93F3B2998BFE9001087B6 /* Font */ = {
			isa = PBXGroup;
			children = (
				CE6EBEFD299A88F000FA4DE1 /* Pretendard-Black.otf */,
				CE6EBEFA299A88F000FA4DE1 /* Pretendard-Bold.otf */,
				CE6EBEFB299A88F000FA4DE1 /* Pretendard-ExtraBold.otf */,
				CE6EBF00299A88F100FA4DE1 /* Pretendard-ExtraLight.otf */,
				CE6EBF02299A88F100FA4DE1 /* Pretendard-Light.otf */,
				CE6EBF01299A88F100FA4DE1 /* Pretendard-Medium.otf */,
				CE6EBEFF299A88F100FA4DE1 /* Pretendard-Regular.otf */,
				CE6EBEFC299A88F000FA4DE1 /* Pretendard-SemiBold.otf */,
				CE6EBEFE299A88F100FA4DE1 /* Pretendard-Thin.otf */,
			);
			path = Font;
			sourceTree = "<group>";
		};
		CEC63270297EBB5E00D9011E = {
			isa = PBXGroup;
			children = (
				CEC6327B297EBB5E00D9011E /* talkbbokki */,
				CEC6328D297EBB5F00D9011E /* talkbbokkiTests */,
				CEC63297297EBB5F00D9011E /* talkbbokkiUITests */,
				CEC6327A297EBB5E00D9011E /* Products */,
			);
			sourceTree = "<group>";
		};
		CEC6327A297EBB5E00D9011E /* Products */ = {
			isa = PBXGroup;
			children = (
				CEC63279297EBB5E00D9011E /* talkbbokki.app */,
				CEC6328A297EBB5F00D9011E /* talkbbokkiTests.xctest */,
				CEC63294297EBB5F00D9011E /* talkbbokkiUITests.xctest */,
			);
			name = Products;
			sourceTree = "<group>";
		};
		CEC6327B297EBB5E00D9011E /* talkbbokki */ = {
			isa = PBXGroup;
			children = (
				CEB93F3A2998BFE2001087B6 /* Resources */,
				CE0F15B02994025F00295B43 /* Info.plist */,
				CEB93F2D2996B541001087B6 /* Common */,
				CE39E1112986502F00E3C93D /* Model */,
				CE39E10D2984F69300E3C93D /* Networking */,
				CE858E822995426000F2FC42 /* View */,
				CEC6327C297EBB5E00D9011E /* talkbbokkiApp.swift */,
				CEC6327E297EBB5E00D9011E /* ContentView.swift */,
				CEC63282297EBB5F00D9011E /* talkbbokki.entitlements */,
				CEC63283297EBB5F00D9011E /* Preview Content */,
			);
			path = talkbbokki;
			sourceTree = "<group>";
		};
		CEC63283297EBB5F00D9011E /* Preview Content */ = {
			isa = PBXGroup;
			children = (
				CEC63284297EBB5F00D9011E /* Preview Assets.xcassets */,
			);
			path = "Preview Content";
			sourceTree = "<group>";
		};
		CEC6328D297EBB5F00D9011E /* talkbbokkiTests */ = {
			isa = PBXGroup;
			children = (
				CEC6328E297EBB5F00D9011E /* talkbbokkiTests.swift */,
			);
			path = talkbbokkiTests;
			sourceTree = "<group>";
		};
		CEC63297297EBB5F00D9011E /* talkbbokkiUITests */ = {
			isa = PBXGroup;
			children = (
				CEC63298297EBB5F00D9011E /* talkbbokkiUITests.swift */,
				CEC6329A297EBB5F00D9011E /* talkbbokkiUITestsLaunchTests.swift */,
			);
			path = talkbbokkiUITests;
			sourceTree = "<group>";
		};
/* End PBXGroup section */

/* Begin PBXNativeTarget section */
		CEC63278297EBB5E00D9011E /* talkbbokki */ = {
			isa = PBXNativeTarget;
			buildConfigurationList = CEC6329E297EBB5F00D9011E /* Build configuration list for PBXNativeTarget "talkbbokki" */;
			buildPhases = (
				CEC63275297EBB5E00D9011E /* Sources */,
				CEC63276297EBB5E00D9011E /* Frameworks */,
				CEC63277297EBB5E00D9011E /* Resources */,
			);
			buildRules = (
			);
			dependencies = (
			);
			name = talkbbokki;
			packageProductDependencies = (
				CEE72A902982B2820047403A /* Alamofire */,
				CEE72A932982B2C10047403A /* ComposableArchitecture */,
			);
			productName = talkbbokki;
			productReference = CEC63279297EBB5E00D9011E /* talkbbokki.app */;
			productType = "com.apple.product-type.application";
		};
		CEC63289297EBB5F00D9011E /* talkbbokkiTests */ = {
			isa = PBXNativeTarget;
			buildConfigurationList = CEC632A1297EBB5F00D9011E /* Build configuration list for PBXNativeTarget "talkbbokkiTests" */;
			buildPhases = (
				CEC63286297EBB5F00D9011E /* Sources */,
				CEC63287297EBB5F00D9011E /* Frameworks */,
				CEC63288297EBB5F00D9011E /* Resources */,
			);
			buildRules = (
			);
			dependencies = (
				CEC6328C297EBB5F00D9011E /* PBXTargetDependency */,
			);
			name = talkbbokkiTests;
			productName = talkbbokkiTests;
			productReference = CEC6328A297EBB5F00D9011E /* talkbbokkiTests.xctest */;
			productType = "com.apple.product-type.bundle.unit-test";
		};
		CEC63293297EBB5F00D9011E /* talkbbokkiUITests */ = {
			isa = PBXNativeTarget;
			buildConfigurationList = CEC632A4297EBB5F00D9011E /* Build configuration list for PBXNativeTarget "talkbbokkiUITests" */;
			buildPhases = (
				CEC63290297EBB5F00D9011E /* Sources */,
				CEC63291297EBB5F00D9011E /* Frameworks */,
				CEC63292297EBB5F00D9011E /* Resources */,
			);
			buildRules = (
			);
			dependencies = (
				CEC63296297EBB5F00D9011E /* PBXTargetDependency */,
			);
			name = talkbbokkiUITests;
			productName = talkbbokkiUITests;
			productReference = CEC63294297EBB5F00D9011E /* talkbbokkiUITests.xctest */;
			productType = "com.apple.product-type.bundle.ui-testing";
		};
/* End PBXNativeTarget section */

/* Begin PBXProject section */
		CEC63271297EBB5E00D9011E /* Project object */ = {
			isa = PBXProject;
			attributes = {
				BuildIndependentTargetsInParallel = 1;
				LastSwiftUpdateCheck = 1410;
				LastUpgradeCheck = 1410;
				TargetAttributes = {
					CEC63278297EBB5E00D9011E = {
						CreatedOnToolsVersion = 14.1;
					};
					CEC63289297EBB5F00D9011E = {
						CreatedOnToolsVersion = 14.1;
						TestTargetID = CEC63278297EBB5E00D9011E;
					};
					CEC63293297EBB5F00D9011E = {
						CreatedOnToolsVersion = 14.1;
						TestTargetID = CEC63278297EBB5E00D9011E;
					};
				};
			};
			buildConfigurationList = CEC63274297EBB5E00D9011E /* Build configuration list for PBXProject "talkbbokki" */;
			compatibilityVersion = "Xcode 14.0";
			developmentRegion = en;
			hasScannedForEncodings = 0;
			knownRegions = (
				en,
				Base,
			);
			mainGroup = CEC63270297EBB5E00D9011E;
			packageReferences = (
				CEE72A8F2982B2820047403A /* XCRemoteSwiftPackageReference "Alamofire" */,
				CEE72A922982B2C10047403A /* XCRemoteSwiftPackageReference "swift-composable-architecture" */,
			);
			productRefGroup = CEC6327A297EBB5E00D9011E /* Products */;
			projectDirPath = "";
			projectRoot = "";
			targets = (
				CEC63278297EBB5E00D9011E /* talkbbokki */,
				CEC63289297EBB5F00D9011E /* talkbbokkiTests */,
				CEC63293297EBB5F00D9011E /* talkbbokkiUITests */,
			);
		};
/* End PBXProject section */

/* Begin PBXResourcesBuildPhase section */
		CEC63277297EBB5E00D9011E /* Resources */ = {
			isa = PBXResourcesBuildPhase;
			buildActionMask = 2147483647;
			files = (
				CE6EBF09299A88F100FA4DE1 /* Pretendard-ExtraLight.otf in Resources */,
				CE6EBF0A299A88F100FA4DE1 /* Pretendard-Medium.otf in Resources */,
				CEC63285297EBB5F00D9011E /* Preview Assets.xcassets in Resources */,
				CE6EBF03299A88F100FA4DE1 /* Pretendard-Bold.otf in Resources */,
				CE6EBF07299A88F100FA4DE1 /* Pretendard-Thin.otf in Resources */,
				CE6EBF0B299A88F100FA4DE1 /* Pretendard-Light.otf in Resources */,
				CE6EBF05299A88F100FA4DE1 /* Pretendard-SemiBold.otf in Resources */,
				CE6EBF04299A88F100FA4DE1 /* Pretendard-ExtraBold.otf in Resources */,
				CE6EBF08299A88F100FA4DE1 /* Pretendard-Regular.otf in Resources */,
				CE6EBF06299A88F100FA4DE1 /* Pretendard-Black.otf in Resources */,
				CEC63281297EBB5F00D9011E /* Assets.xcassets in Resources */,
			);
			runOnlyForDeploymentPostprocessing = 0;
		};
		CEC63288297EBB5F00D9011E /* Resources */ = {
			isa = PBXResourcesBuildPhase;
			buildActionMask = 2147483647;
			files = (
			);
			runOnlyForDeploymentPostprocessing = 0;
		};
		CEC63292297EBB5F00D9011E /* Resources */ = {
			isa = PBXResourcesBuildPhase;
			buildActionMask = 2147483647;
			files = (
			);
			runOnlyForDeploymentPostprocessing = 0;
		};
/* End PBXResourcesBuildPhase section */

/* Begin PBXSourcesBuildPhase section */
		CEC63275297EBB5E00D9011E /* Sources */ = {
			isa = PBXSourcesBuildPhase;
			buildActionMask = 2147483647;
			files = (
				CEB93F4F2998C080001087B6 /* Font+.swift in Sources */,
				CEB93F53299940DF001087B6 /* HapticManager.swift in Sources */,
				CE39E1152986504400E3C93D /* Model.swift in Sources */,
				CE858E852995427500F2FC42 /* CategoryView.swift in Sources */,
				CEB93F3929980B3B001087B6 /* Array+.swift in Sources */,
				CE39E1132986503900E3C93D /* Model.Card.swift in Sources */,
				CEC6327F297EBB5E00D9011E /* ContentView.swift in Sources */,
				CE39E1172986507F00E3C93D /* CardView.swift in Sources */,
				CE0F15A62993F5FE00295B43 /* APIConfig+Request.swift in Sources */,
				CE0F15A02993BB5B00295B43 /* APIConfig.Error.swift in Sources */,
				CE0F15A42993F5DD00295B43 /* APIConfig.Parameters.swift in Sources */,
				CE0F15A22993BBF000295B43 /* APIConfig+Error.swift in Sources */,
				CEB93F352997FD3F001087B6 /* DetailCardView.swift in Sources */,
				CE0F15AB2993FD2800295B43 /* API.swift in Sources */,
				CEB93F322997F776001087B6 /* ConfirmButtonView.swift in Sources */,
				CE39E119298650BB00E3C93D /* CardListView.swift in Sources */,
				CEC6327D297EBB5E00D9011E /* talkbbokkiApp.swift in Sources */,
				CEB93F2F2996B54A001087B6 /* Extension.swift in Sources */,
				CEB93F37299801FB001087B6 /* View+.swift in Sources */,
				CE498377299A9DCB008A3968 /* DetailCardReducer.swift in Sources */,
				CEB93F512998CA32001087B6 /* CardListReducer.swift in Sources */,
				CE0F159D2993B9B000295B43 /* APIConfig.swift in Sources */,
				CE0F15A92993FC6C00295B43 /* Domain.Talkbbokki.swift in Sources */,
				CE0F15AD2993FD8F00295B43 /* Talkbbokki.Error.swift in Sources */,
				CE858E872995468D00F2FC42 /* CategoryReducer.swift in Sources */,
				CE0F15AF2994007300295B43 /* Model.Category.swift in Sources */,
			);
			runOnlyForDeploymentPostprocessing = 0;
		};
		CEC63286297EBB5F00D9011E /* Sources */ = {
			isa = PBXSourcesBuildPhase;
			buildActionMask = 2147483647;
			files = (
				CEC6328F297EBB5F00D9011E /* talkbbokkiTests.swift in Sources */,
			);
			runOnlyForDeploymentPostprocessing = 0;
		};
		CEC63290297EBB5F00D9011E /* Sources */ = {
			isa = PBXSourcesBuildPhase;
			buildActionMask = 2147483647;
			files = (
				CEC6329B297EBB5F00D9011E /* talkbbokkiUITestsLaunchTests.swift in Sources */,
				CEC63299297EBB5F00D9011E /* talkbbokkiUITests.swift in Sources */,
			);
			runOnlyForDeploymentPostprocessing = 0;
		};
/* End PBXSourcesBuildPhase section */

/* Begin PBXTargetDependency section */
		CEC6328C297EBB5F00D9011E /* PBXTargetDependency */ = {
			isa = PBXTargetDependency;
			target = CEC63278297EBB5E00D9011E /* talkbbokki */;
			targetProxy = CEC6328B297EBB5F00D9011E /* PBXContainerItemProxy */;
		};
		CEC63296297EBB5F00D9011E /* PBXTargetDependency */ = {
			isa = PBXTargetDependency;
			target = CEC63278297EBB5E00D9011E /* talkbbokki */;
			targetProxy = CEC63295297EBB5F00D9011E /* PBXContainerItemProxy */;
		};
/* End PBXTargetDependency section */

/* Begin XCBuildConfiguration section */
		CEC6329C297EBB5F00D9011E /* Debug */ = {
			isa = XCBuildConfiguration;
			buildSettings = {
				ALWAYS_SEARCH_USER_PATHS = NO;
				CLANG_ANALYZER_NONNULL = YES;
				CLANG_ANALYZER_NUMBER_OBJECT_CONVERSION = YES_AGGRESSIVE;
				CLANG_CXX_LANGUAGE_STANDARD = "gnu++20";
				CLANG_ENABLE_MODULES = YES;
				CLANG_ENABLE_OBJC_ARC = YES;
				CLANG_ENABLE_OBJC_WEAK = YES;
				CLANG_WARN_BLOCK_CAPTURE_AUTORELEASING = YES;
				CLANG_WARN_BOOL_CONVERSION = YES;
				CLANG_WARN_COMMA = YES;
				CLANG_WARN_CONSTANT_CONVERSION = YES;
				CLANG_WARN_DEPRECATED_OBJC_IMPLEMENTATIONS = YES;
				CLANG_WARN_DIRECT_OBJC_ISA_USAGE = YES_ERROR;
				CLANG_WARN_DOCUMENTATION_COMMENTS = YES;
				CLANG_WARN_EMPTY_BODY = YES;
				CLANG_WARN_ENUM_CONVERSION = YES;
				CLANG_WARN_INFINITE_RECURSION = YES;
				CLANG_WARN_INT_CONVERSION = YES;
				CLANG_WARN_NON_LITERAL_NULL_CONVERSION = YES;
				CLANG_WARN_OBJC_IMPLICIT_RETAIN_SELF = YES;
				CLANG_WARN_OBJC_LITERAL_CONVERSION = YES;
				CLANG_WARN_OBJC_ROOT_CLASS = YES_ERROR;
				CLANG_WARN_QUOTED_INCLUDE_IN_FRAMEWORK_HEADER = YES;
				CLANG_WARN_RANGE_LOOP_ANALYSIS = YES;
				CLANG_WARN_STRICT_PROTOTYPES = YES;
				CLANG_WARN_SUSPICIOUS_MOVE = YES;
				CLANG_WARN_UNGUARDED_AVAILABILITY = YES_AGGRESSIVE;
				CLANG_WARN_UNREACHABLE_CODE = YES;
				CLANG_WARN__DUPLICATE_METHOD_MATCH = YES;
				COPY_PHASE_STRIP = NO;
				DEBUG_INFORMATION_FORMAT = dwarf;
				ENABLE_STRICT_OBJC_MSGSEND = YES;
				ENABLE_TESTABILITY = YES;
				GCC_C_LANGUAGE_STANDARD = gnu11;
				GCC_DYNAMIC_NO_PIC = NO;
				GCC_NO_COMMON_BLOCKS = YES;
				GCC_OPTIMIZATION_LEVEL = 0;
				GCC_PREPROCESSOR_DEFINITIONS = (
					"DEBUG=1",
					"$(inherited)",
				);
				GCC_WARN_64_TO_32_BIT_CONVERSION = YES;
				GCC_WARN_ABOUT_RETURN_TYPE = YES_ERROR;
				GCC_WARN_UNDECLARED_SELECTOR = YES;
				GCC_WARN_UNINITIALIZED_AUTOS = YES_AGGRESSIVE;
				GCC_WARN_UNUSED_FUNCTION = YES;
				GCC_WARN_UNUSED_VARIABLE = YES;
				IPHONEOS_DEPLOYMENT_TARGET = 14.0;
				MTL_ENABLE_DEBUG_INFO = INCLUDE_SOURCE;
				MTL_FAST_MATH = YES;
				ONLY_ACTIVE_ARCH = YES;
				SWIFT_ACTIVE_COMPILATION_CONDITIONS = DEBUG;
				SWIFT_OPTIMIZATION_LEVEL = "-Onone";
			};
			name = Debug;
		};
		CEC6329D297EBB5F00D9011E /* Release */ = {
			isa = XCBuildConfiguration;
			buildSettings = {
				ALWAYS_SEARCH_USER_PATHS = NO;
				CLANG_ANALYZER_NONNULL = YES;
				CLANG_ANALYZER_NUMBER_OBJECT_CONVERSION = YES_AGGRESSIVE;
				CLANG_CXX_LANGUAGE_STANDARD = "gnu++20";
				CLANG_ENABLE_MODULES = YES;
				CLANG_ENABLE_OBJC_ARC = YES;
				CLANG_ENABLE_OBJC_WEAK = YES;
				CLANG_WARN_BLOCK_CAPTURE_AUTORELEASING = YES;
				CLANG_WARN_BOOL_CONVERSION = YES;
				CLANG_WARN_COMMA = YES;
				CLANG_WARN_CONSTANT_CONVERSION = YES;
				CLANG_WARN_DEPRECATED_OBJC_IMPLEMENTATIONS = YES;
				CLANG_WARN_DIRECT_OBJC_ISA_USAGE = YES_ERROR;
				CLANG_WARN_DOCUMENTATION_COMMENTS = YES;
				CLANG_WARN_EMPTY_BODY = YES;
				CLANG_WARN_ENUM_CONVERSION = YES;
				CLANG_WARN_INFINITE_RECURSION = YES;
				CLANG_WARN_INT_CONVERSION = YES;
				CLANG_WARN_NON_LITERAL_NULL_CONVERSION = YES;
				CLANG_WARN_OBJC_IMPLICIT_RETAIN_SELF = YES;
				CLANG_WARN_OBJC_LITERAL_CONVERSION = YES;
				CLANG_WARN_OBJC_ROOT_CLASS = YES_ERROR;
				CLANG_WARN_QUOTED_INCLUDE_IN_FRAMEWORK_HEADER = YES;
				CLANG_WARN_RANGE_LOOP_ANALYSIS = YES;
				CLANG_WARN_STRICT_PROTOTYPES = YES;
				CLANG_WARN_SUSPICIOUS_MOVE = YES;
				CLANG_WARN_UNGUARDED_AVAILABILITY = YES_AGGRESSIVE;
				CLANG_WARN_UNREACHABLE_CODE = YES;
				CLANG_WARN__DUPLICATE_METHOD_MATCH = YES;
				COPY_PHASE_STRIP = NO;
				DEBUG_INFORMATION_FORMAT = "dwarf-with-dsym";
				ENABLE_NS_ASSERTIONS = NO;
				ENABLE_STRICT_OBJC_MSGSEND = YES;
				GCC_C_LANGUAGE_STANDARD = gnu11;
				GCC_NO_COMMON_BLOCKS = YES;
				GCC_WARN_64_TO_32_BIT_CONVERSION = YES;
				GCC_WARN_ABOUT_RETURN_TYPE = YES_ERROR;
				GCC_WARN_UNDECLARED_SELECTOR = YES;
				GCC_WARN_UNINITIALIZED_AUTOS = YES_AGGRESSIVE;
				GCC_WARN_UNUSED_FUNCTION = YES;
				GCC_WARN_UNUSED_VARIABLE = YES;
				IPHONEOS_DEPLOYMENT_TARGET = 14.0;
				MTL_ENABLE_DEBUG_INFO = NO;
				MTL_FAST_MATH = YES;
				SWIFT_COMPILATION_MODE = wholemodule;
				SWIFT_OPTIMIZATION_LEVEL = "-O";
			};
			name = Release;
		};
		CEC6329F297EBB5F00D9011E /* Debug */ = {
			isa = XCBuildConfiguration;
			buildSettings = {
				ASSETCATALOG_COMPILER_APPICON_NAME = AppIcon;
				ASSETCATALOG_COMPILER_GLOBAL_ACCENT_COLOR_NAME = AccentColor;
				CODE_SIGN_ENTITLEMENTS = talkbbokki/talkbbokki.entitlements;
				CODE_SIGN_STYLE = Automatic;
				CURRENT_PROJECT_VERSION = 1;
				DEVELOPMENT_ASSET_PATHS = "\"talkbbokki/Preview Content\"";
				DEVELOPMENT_TEAM = 594TR8CRP9;
				ENABLE_PREVIEWS = YES;
				GENERATE_INFOPLIST_FILE = YES;
				INFOPLIST_FILE = talkbbokki/Info.plist;
				"INFOPLIST_KEY_UIApplicationSceneManifest_Generation[sdk=iphoneos*]" = YES;
				"INFOPLIST_KEY_UIApplicationSceneManifest_Generation[sdk=iphonesimulator*]" = YES;
				"INFOPLIST_KEY_UIApplicationSupportsIndirectInputEvents[sdk=iphoneos*]" = YES;
				"INFOPLIST_KEY_UIApplicationSupportsIndirectInputEvents[sdk=iphonesimulator*]" = YES;
				"INFOPLIST_KEY_UILaunchScreen_Generation[sdk=iphoneos*]" = YES;
				"INFOPLIST_KEY_UILaunchScreen_Generation[sdk=iphonesimulator*]" = YES;
				"INFOPLIST_KEY_UIStatusBarStyle[sdk=iphoneos*]" = UIStatusBarStyleDefault;
				"INFOPLIST_KEY_UIStatusBarStyle[sdk=iphonesimulator*]" = UIStatusBarStyleDefault;
				INFOPLIST_KEY_UISupportedInterfaceOrientations_iPad = "UIInterfaceOrientationPortrait UIInterfaceOrientationPortraitUpsideDown UIInterfaceOrientationLandscapeLeft UIInterfaceOrientationLandscapeRight";
				INFOPLIST_KEY_UISupportedInterfaceOrientations_iPhone = "UIInterfaceOrientationPortrait UIInterfaceOrientationLandscapeLeft UIInterfaceOrientationLandscapeRight";
				IPHONEOS_DEPLOYMENT_TARGET = 14.0;
				LD_RUNPATH_SEARCH_PATHS = "@executable_path/Frameworks";
				"LD_RUNPATH_SEARCH_PATHS[sdk=macosx*]" = "@executable_path/../Frameworks";
				MACOSX_DEPLOYMENT_TARGET = 12.5;
				MARKETING_VERSION = 1.0;
				PRODUCT_BUNDLE_IDENTIFIER = gabriel.jhh.talkbbokki;
				PRODUCT_NAME = "$(TARGET_NAME)";
				SDKROOT = auto;
				SUPPORTED_PLATFORMS = "iphoneos iphonesimulator";
				SUPPORTS_MACCATALYST = NO;
				SUPPORTS_MAC_DESIGNED_FOR_IPHONE_IPAD = NO;
				SWIFT_EMIT_LOC_STRINGS = YES;
				SWIFT_VERSION = 5.0;
				TARGETED_DEVICE_FAMILY = 1;
			};
			name = Debug;
		};
		CEC632A0297EBB5F00D9011E /* Release */ = {
			isa = XCBuildConfiguration;
			buildSettings = {
				ASSETCATALOG_COMPILER_APPICON_NAME = AppIcon;
				ASSETCATALOG_COMPILER_GLOBAL_ACCENT_COLOR_NAME = AccentColor;
				CODE_SIGN_ENTITLEMENTS = talkbbokki/talkbbokki.entitlements;
				CODE_SIGN_STYLE = Automatic;
				CURRENT_PROJECT_VERSION = 1;
				DEVELOPMENT_ASSET_PATHS = "\"talkbbokki/Preview Content\"";
				DEVELOPMENT_TEAM = 594TR8CRP9;
				ENABLE_PREVIEWS = YES;
				GENERATE_INFOPLIST_FILE = YES;
				INFOPLIST_FILE = talkbbokki/Info.plist;
				"INFOPLIST_KEY_UIApplicationSceneManifest_Generation[sdk=iphoneos*]" = YES;
				"INFOPLIST_KEY_UIApplicationSceneManifest_Generation[sdk=iphonesimulator*]" = YES;
				"INFOPLIST_KEY_UIApplicationSupportsIndirectInputEvents[sdk=iphoneos*]" = YES;
				"INFOPLIST_KEY_UIApplicationSupportsIndirectInputEvents[sdk=iphonesimulator*]" = YES;
				"INFOPLIST_KEY_UILaunchScreen_Generation[sdk=iphoneos*]" = YES;
				"INFOPLIST_KEY_UILaunchScreen_Generation[sdk=iphonesimulator*]" = YES;
				"INFOPLIST_KEY_UIStatusBarStyle[sdk=iphoneos*]" = UIStatusBarStyleDefault;
				"INFOPLIST_KEY_UIStatusBarStyle[sdk=iphonesimulator*]" = UIStatusBarStyleDefault;
				INFOPLIST_KEY_UISupportedInterfaceOrientations_iPad = "UIInterfaceOrientationPortrait UIInterfaceOrientationPortraitUpsideDown UIInterfaceOrientationLandscapeLeft UIInterfaceOrientationLandscapeRight";
				INFOPLIST_KEY_UISupportedInterfaceOrientations_iPhone = "UIInterfaceOrientationPortrait UIInterfaceOrientationLandscapeLeft UIInterfaceOrientationLandscapeRight";
				IPHONEOS_DEPLOYMENT_TARGET = 14.0;
				LD_RUNPATH_SEARCH_PATHS = "@executable_path/Frameworks";
				"LD_RUNPATH_SEARCH_PATHS[sdk=macosx*]" = "@executable_path/../Frameworks";
				MACOSX_DEPLOYMENT_TARGET = 12.5;
				MARKETING_VERSION = 1.0;
				PRODUCT_BUNDLE_IDENTIFIER = gabriel.jhh.talkbbokki;
				PRODUCT_NAME = "$(TARGET_NAME)";
				SDKROOT = auto;
				SUPPORTED_PLATFORMS = "iphoneos iphonesimulator";
				SUPPORTS_MACCATALYST = NO;
				SUPPORTS_MAC_DESIGNED_FOR_IPHONE_IPAD = NO;
				SWIFT_EMIT_LOC_STRINGS = YES;
				SWIFT_VERSION = 5.0;
				TARGETED_DEVICE_FAMILY = 1;
			};
			name = Release;
		};
		CEC632A2297EBB5F00D9011E /* Debug */ = {
			isa = XCBuildConfiguration;
			buildSettings = {
				ALWAYS_EMBED_SWIFT_STANDARD_LIBRARIES = YES;
				BUNDLE_LOADER = "$(TEST_HOST)";
				CODE_SIGN_STYLE = Automatic;
				CURRENT_PROJECT_VERSION = 1;
				GENERATE_INFOPLIST_FILE = YES;
				IPHONEOS_DEPLOYMENT_TARGET = 16.1;
				MACOSX_DEPLOYMENT_TARGET = 12.5;
				MARKETING_VERSION = 1.0;
				PRODUCT_BUNDLE_IDENTIFIER = gabriel.jhh.talkbbokkiTests;
				PRODUCT_NAME = "$(TARGET_NAME)";
				SDKROOT = auto;
				SUPPORTED_PLATFORMS = "iphoneos iphonesimulator macosx";
				SWIFT_EMIT_LOC_STRINGS = NO;
				SWIFT_VERSION = 5.0;
				TARGETED_DEVICE_FAMILY = "1,2";
				TEST_HOST = "$(BUILT_PRODUCTS_DIR)/talkbbokki.app/$(BUNDLE_EXECUTABLE_FOLDER_PATH)/talkbbokki";
			};
			name = Debug;
		};
		CEC632A3297EBB5F00D9011E /* Release */ = {
			isa = XCBuildConfiguration;
			buildSettings = {
				ALWAYS_EMBED_SWIFT_STANDARD_LIBRARIES = YES;
				BUNDLE_LOADER = "$(TEST_HOST)";
				CODE_SIGN_STYLE = Automatic;
				CURRENT_PROJECT_VERSION = 1;
				GENERATE_INFOPLIST_FILE = YES;
				IPHONEOS_DEPLOYMENT_TARGET = 16.1;
				MACOSX_DEPLOYMENT_TARGET = 12.5;
				MARKETING_VERSION = 1.0;
				PRODUCT_BUNDLE_IDENTIFIER = gabriel.jhh.talkbbokkiTests;
				PRODUCT_NAME = "$(TARGET_NAME)";
				SDKROOT = auto;
				SUPPORTED_PLATFORMS = "iphoneos iphonesimulator macosx";
				SWIFT_EMIT_LOC_STRINGS = NO;
				SWIFT_VERSION = 5.0;
				TARGETED_DEVICE_FAMILY = "1,2";
				TEST_HOST = "$(BUILT_PRODUCTS_DIR)/talkbbokki.app/$(BUNDLE_EXECUTABLE_FOLDER_PATH)/talkbbokki";
			};
			name = Release;
		};
		CEC632A5297EBB5F00D9011E /* Debug */ = {
			isa = XCBuildConfiguration;
			buildSettings = {
				ALWAYS_EMBED_SWIFT_STANDARD_LIBRARIES = YES;
				CODE_SIGN_STYLE = Automatic;
				CURRENT_PROJECT_VERSION = 1;
				GENERATE_INFOPLIST_FILE = YES;
				IPHONEOS_DEPLOYMENT_TARGET = 16.1;
				MACOSX_DEPLOYMENT_TARGET = 12.5;
				MARKETING_VERSION = 1.0;
				PRODUCT_BUNDLE_IDENTIFIER = gabriel.jhh.talkbbokkiUITests;
				PRODUCT_NAME = "$(TARGET_NAME)";
				SDKROOT = auto;
				SUPPORTED_PLATFORMS = "iphoneos iphonesimulator macosx";
				SWIFT_EMIT_LOC_STRINGS = NO;
				SWIFT_VERSION = 5.0;
				TARGETED_DEVICE_FAMILY = "1,2";
				TEST_TARGET_NAME = talkbbokki;
			};
			name = Debug;
		};
		CEC632A6297EBB5F00D9011E /* Release */ = {
			isa = XCBuildConfiguration;
			buildSettings = {
				ALWAYS_EMBED_SWIFT_STANDARD_LIBRARIES = YES;
				CODE_SIGN_STYLE = Automatic;
				CURRENT_PROJECT_VERSION = 1;
				GENERATE_INFOPLIST_FILE = YES;
				IPHONEOS_DEPLOYMENT_TARGET = 16.1;
				MACOSX_DEPLOYMENT_TARGET = 12.5;
				MARKETING_VERSION = 1.0;
				PRODUCT_BUNDLE_IDENTIFIER = gabriel.jhh.talkbbokkiUITests;
				PRODUCT_NAME = "$(TARGET_NAME)";
				SDKROOT = auto;
				SUPPORTED_PLATFORMS = "iphoneos iphonesimulator macosx";
				SWIFT_EMIT_LOC_STRINGS = NO;
				SWIFT_VERSION = 5.0;
				TARGETED_DEVICE_FAMILY = "1,2";
				TEST_TARGET_NAME = talkbbokki;
			};
			name = Release;
		};
/* End XCBuildConfiguration section */

/* Begin XCConfigurationList section */
		CEC63274297EBB5E00D9011E /* Build configuration list for PBXProject "talkbbokki" */ = {
			isa = XCConfigurationList;
			buildConfigurations = (
				CEC6329C297EBB5F00D9011E /* Debug */,
				CEC6329D297EBB5F00D9011E /* Release */,
			);
			defaultConfigurationIsVisible = 0;
			defaultConfigurationName = Release;
		};
		CEC6329E297EBB5F00D9011E /* Build configuration list for PBXNativeTarget "talkbbokki" */ = {
			isa = XCConfigurationList;
			buildConfigurations = (
				CEC6329F297EBB5F00D9011E /* Debug */,
				CEC632A0297EBB5F00D9011E /* Release */,
			);
			defaultConfigurationIsVisible = 0;
			defaultConfigurationName = Release;
		};
		CEC632A1297EBB5F00D9011E /* Build configuration list for PBXNativeTarget "talkbbokkiTests" */ = {
			isa = XCConfigurationList;
			buildConfigurations = (
				CEC632A2297EBB5F00D9011E /* Debug */,
				CEC632A3297EBB5F00D9011E /* Release */,
			);
			defaultConfigurationIsVisible = 0;
			defaultConfigurationName = Release;
		};
		CEC632A4297EBB5F00D9011E /* Build configuration list for PBXNativeTarget "talkbbokkiUITests" */ = {
			isa = XCConfigurationList;
			buildConfigurations = (
				CEC632A5297EBB5F00D9011E /* Debug */,
				CEC632A6297EBB5F00D9011E /* Release */,
			);
			defaultConfigurationIsVisible = 0;
			defaultConfigurationName = Release;
		};
/* End XCConfigurationList section */

/* Begin XCRemoteSwiftPackageReference section */
		CEE72A8F2982B2820047403A /* XCRemoteSwiftPackageReference "Alamofire" */ = {
			isa = XCRemoteSwiftPackageReference;
			repositoryURL = "https://github.com/Alamofire/Alamofire.git";
			requirement = {
				kind = upToNextMajorVersion;
				minimumVersion = 5.0.0;
			};
		};
		CEE72A922982B2C10047403A /* XCRemoteSwiftPackageReference "swift-composable-architecture" */ = {
			isa = XCRemoteSwiftPackageReference;
			repositoryURL = "https://github.com/pointfreeco/swift-composable-architecture";
			requirement = {
				kind = upToNextMajorVersion;
				minimumVersion = 0.9.0;
			};
		};
/* End XCRemoteSwiftPackageReference section */

/* Begin XCSwiftPackageProductDependency section */
		CEE72A902982B2820047403A /* Alamofire */ = {
			isa = XCSwiftPackageProductDependency;
			package = CEE72A8F2982B2820047403A /* XCRemoteSwiftPackageReference "Alamofire" */;
			productName = Alamofire;
		};
		CEE72A932982B2C10047403A /* ComposableArchitecture */ = {
			isa = XCSwiftPackageProductDependency;
			package = CEE72A922982B2C10047403A /* XCRemoteSwiftPackageReference "swift-composable-architecture" */;
			productName = ComposableArchitecture;
		};
/* End XCSwiftPackageProductDependency section */
	};
	rootObject = CEC63271297EBB5E00D9011E /* Project object */;
}
