// !$*UTF8*$!
{
	archiveVersion = 1;
	classes = {
	};
	objectVersion = 56;
	objects = {

/* Begin PBXBuildFile section */
		CE088E562A460CA800E2B7E1 /* Task+.swift in Sources */ = {isa = PBXBuildFile; fileRef = CE088E552A460CA800E2B7E1 /* Task+.swift */; };
		CE088E582A460DDC00E2B7E1 /* DetailCardRepository.swift in Sources */ = {isa = PBXBuildFile; fileRef = CE088E572A460DDC00E2B7E1 /* DetailCardRepository.swift */; };
		CE0F159D2993B9B000295B43 /* APIConfig.swift in Sources */ = {isa = PBXBuildFile; fileRef = CE0F159C2993B9B000295B43 /* APIConfig.swift */; };
		CE0F15A02993BB5B00295B43 /* APIConfig.Error.swift in Sources */ = {isa = PBXBuildFile; fileRef = CE0F159F2993BB5B00295B43 /* APIConfig.Error.swift */; };
		CE0F15A22993BBF000295B43 /* APIConfig+Error.swift in Sources */ = {isa = PBXBuildFile; fileRef = CE0F15A12993BBF000295B43 /* APIConfig+Error.swift */; };
		CE0F15A42993F5DD00295B43 /* APIConfig.Parameters.swift in Sources */ = {isa = PBXBuildFile; fileRef = CE0F15A32993F5DD00295B43 /* APIConfig.Parameters.swift */; };
		CE0F15A62993F5FE00295B43 /* APIConfig+Request.swift in Sources */ = {isa = PBXBuildFile; fileRef = CE0F15A52993F5FE00295B43 /* APIConfig+Request.swift */; };
		CE0F15A92993FC6C00295B43 /* Domain.Talkbbokki.swift in Sources */ = {isa = PBXBuildFile; fileRef = CE0F15A82993FC6C00295B43 /* Domain.Talkbbokki.swift */; };
		CE0F15AB2993FD2800295B43 /* API.swift in Sources */ = {isa = PBXBuildFile; fileRef = CE0F15AA2993FD2800295B43 /* API.swift */; };
		CE0F15AD2993FD8F00295B43 /* Talkbbokki.Error.swift in Sources */ = {isa = PBXBuildFile; fileRef = CE0F15AC2993FD8F00295B43 /* Talkbbokki.Error.swift */; };
		CE0F15AF2994007300295B43 /* Model.Category.swift in Sources */ = {isa = PBXBuildFile; fileRef = CE0F15AE2994007300295B43 /* Model.Category.swift */; };
		CE1F2A5929BBA0A100028EF8 /* Utils.swift in Sources */ = {isa = PBXBuildFile; fileRef = CE1F2A5829BBA0A100028EF8 /* Utils.swift */; };
		CE25830E29BB94B70005001F /* FirebaseAnalytics in Frameworks */ = {isa = PBXBuildFile; productRef = CE25830D29BB94B70005001F /* FirebaseAnalytics */; };
		CE25831029BB94B70005001F /* FirebaseAnalyticsOnDeviceConversion in Frameworks */ = {isa = PBXBuildFile; productRef = CE25830F29BB94B70005001F /* FirebaseAnalyticsOnDeviceConversion */; };
		CE25831229BB94B70005001F /* FirebaseAnalyticsSwift in Frameworks */ = {isa = PBXBuildFile; productRef = CE25831129BB94B70005001F /* FirebaseAnalyticsSwift */; };
		CE25831429BB94B70005001F /* FirebaseAnalyticsWithoutAdIdSupport in Frameworks */ = {isa = PBXBuildFile; productRef = CE25831329BB94B70005001F /* FirebaseAnalyticsWithoutAdIdSupport */; };
		CE25831629BB94B70005001F /* FirebaseAppCheck in Frameworks */ = {isa = PBXBuildFile; productRef = CE25831529BB94B70005001F /* FirebaseAppCheck */; };
		CE25831829BB94B70005001F /* FirebaseAppDistribution-Beta in Frameworks */ = {isa = PBXBuildFile; productRef = CE25831729BB94B70005001F /* FirebaseAppDistribution-Beta */; };
		CE25831A29BB94B70005001F /* FirebaseAuth in Frameworks */ = {isa = PBXBuildFile; productRef = CE25831929BB94B70005001F /* FirebaseAuth */; };
		CE25831C29BB94B70005001F /* FirebaseAuthCombine-Community in Frameworks */ = {isa = PBXBuildFile; productRef = CE25831B29BB94B70005001F /* FirebaseAuthCombine-Community */; };
		CE25831E29BB94B70005001F /* FirebaseCrashlytics in Frameworks */ = {isa = PBXBuildFile; productRef = CE25831D29BB94B70005001F /* FirebaseCrashlytics */; };
		CE25832029BB94B70005001F /* FirebaseDatabase in Frameworks */ = {isa = PBXBuildFile; productRef = CE25831F29BB94B70005001F /* FirebaseDatabase */; };
		CE25832229BB94B70005001F /* FirebaseDatabaseSwift in Frameworks */ = {isa = PBXBuildFile; productRef = CE25832129BB94B70005001F /* FirebaseDatabaseSwift */; };
		CE25832429BB94B70005001F /* FirebaseDynamicLinks in Frameworks */ = {isa = PBXBuildFile; productRef = CE25832329BB94B70005001F /* FirebaseDynamicLinks */; };
		CE25832629BB94B70005001F /* FirebaseFirestore in Frameworks */ = {isa = PBXBuildFile; productRef = CE25832529BB94B70005001F /* FirebaseFirestore */; };
		CE25832829BB94B70005001F /* FirebaseFirestoreCombine-Community in Frameworks */ = {isa = PBXBuildFile; productRef = CE25832729BB94B70005001F /* FirebaseFirestoreCombine-Community */; };
		CE25832A29BB94B70005001F /* FirebaseFirestoreSwift in Frameworks */ = {isa = PBXBuildFile; productRef = CE25832929BB94B70005001F /* FirebaseFirestoreSwift */; };
		CE25832C29BB94B70005001F /* FirebaseFunctions in Frameworks */ = {isa = PBXBuildFile; productRef = CE25832B29BB94B70005001F /* FirebaseFunctions */; };
		CE25832E29BB94B70005001F /* FirebaseFunctionsCombine-Community in Frameworks */ = {isa = PBXBuildFile; productRef = CE25832D29BB94B70005001F /* FirebaseFunctionsCombine-Community */; };
		CE25833029BB94B70005001F /* FirebaseInAppMessaging-Beta in Frameworks */ = {isa = PBXBuildFile; productRef = CE25832F29BB94B70005001F /* FirebaseInAppMessaging-Beta */; };
		CE25833229BB94B70005001F /* FirebaseInAppMessagingSwift-Beta in Frameworks */ = {isa = PBXBuildFile; productRef = CE25833129BB94B70005001F /* FirebaseInAppMessagingSwift-Beta */; };
		CE25833429BB94B70005001F /* FirebaseInstallations in Frameworks */ = {isa = PBXBuildFile; productRef = CE25833329BB94B70005001F /* FirebaseInstallations */; };
		CE25833629BB94B70005001F /* FirebaseMLModelDownloader in Frameworks */ = {isa = PBXBuildFile; productRef = CE25833529BB94B70005001F /* FirebaseMLModelDownloader */; };
		CE25833829BB94B70005001F /* FirebaseMessaging in Frameworks */ = {isa = PBXBuildFile; productRef = CE25833729BB94B70005001F /* FirebaseMessaging */; };
		CE25833A29BB94B70005001F /* FirebasePerformance in Frameworks */ = {isa = PBXBuildFile; productRef = CE25833929BB94B70005001F /* FirebasePerformance */; };
		CE25833C29BB94B70005001F /* FirebaseRemoteConfig in Frameworks */ = {isa = PBXBuildFile; productRef = CE25833B29BB94B70005001F /* FirebaseRemoteConfig */; };
		CE25833E29BB94B70005001F /* FirebaseRemoteConfigSwift in Frameworks */ = {isa = PBXBuildFile; productRef = CE25833D29BB94B70005001F /* FirebaseRemoteConfigSwift */; };
		CE25834029BB94B70005001F /* FirebaseStorage in Frameworks */ = {isa = PBXBuildFile; productRef = CE25833F29BB94B70005001F /* FirebaseStorage */; };
		CE25834229BB94B70005001F /* FirebaseStorageCombine-Community in Frameworks */ = {isa = PBXBuildFile; productRef = CE25834129BB94B70005001F /* FirebaseStorageCombine-Community */; };
		CE39E1132986503900E3C93D /* Model.Topic.swift in Sources */ = {isa = PBXBuildFile; fileRef = CE39E1122986503900E3C93D /* Model.Topic.swift */; };
		CE39E1152986504400E3C93D /* Model.swift in Sources */ = {isa = PBXBuildFile; fileRef = CE39E1142986504400E3C93D /* Model.swift */; };
		CE39E1172986507F00E3C93D /* CardView.swift in Sources */ = {isa = PBXBuildFile; fileRef = CE39E1162986507F00E3C93D /* CardView.swift */; };
		CE39E119298650BB00E3C93D /* CardListView.swift in Sources */ = {isa = PBXBuildFile; fileRef = CE39E118298650BB00E3C93D /* CardListView.swift */; };
		CE3DAC2F29F97865007C900D /* NicknameSettingView.swift in Sources */ = {isa = PBXBuildFile; fileRef = CE3DAC2E29F97865007C900D /* NicknameSettingView.swift */; };
		CE44AEDB29B8C85A002004B3 /* NavigationBar.swift in Sources */ = {isa = PBXBuildFile; fileRef = CE44AEDA29B8C85A002004B3 /* NavigationBar.swift */; };
		CE498377299A9DCB008A3968 /* DetailCardReducer.swift in Sources */ = {isa = PBXBuildFile; fileRef = CE498376299A9DCB008A3968 /* DetailCardReducer.swift */; };
		CE498379299A9F25008A3968 /* Model.Order.swift in Sources */ = {isa = PBXBuildFile; fileRef = CE498378299A9F25008A3968 /* Model.Order.swift */; };
		CE49837D299AA68C008A3968 /* Color.swift in Sources */ = {isa = PBXBuildFile; fileRef = CE49837C299AA68C008A3968 /* Color.swift */; };
		CE588A4029F97A77003EAEC2 /* OnboardFourthView.swift in Sources */ = {isa = PBXBuildFile; fileRef = CE588A3F29F97A77003EAEC2 /* OnboardFourthView.swift */; };
		CE618E0A29A3AA2900076F7E /* SuggestView.swift in Sources */ = {isa = PBXBuildFile; fileRef = CE618E0929A3AA2900076F7E /* SuggestView.swift */; };
		CE618E0D29A3CB3600076F7E /* Introspect in Frameworks */ = {isa = PBXBuildFile; productRef = CE618E0C29A3CB3600076F7E /* Introspect */; };
		CE618E1129A3D81B00076F7E /* Date+.swift in Sources */ = {isa = PBXBuildFile; fileRef = CE618E1029A3D81B00076F7E /* Date+.swift */; };
		CE64A500299BDE58004C4E8D /* GoogleService-Info.plist in Resources */ = {isa = PBXBuildFile; fileRef = CE64A4FF299BDE58004C4E8D /* GoogleService-Info.plist */; };
		CE64A507299BE9D1004C4E8D /* AppDelegate.swift in Sources */ = {isa = PBXBuildFile; fileRef = CE64A506299BE9D1004C4E8D /* AppDelegate.swift */; };
		CE6EBF03299A88F100FA4DE1 /* Pretendard-Bold.otf in Resources */ = {isa = PBXBuildFile; fileRef = CE6EBEFA299A88F000FA4DE1 /* Pretendard-Bold.otf */; };
		CE6EBF04299A88F100FA4DE1 /* Pretendard-ExtraBold.otf in Resources */ = {isa = PBXBuildFile; fileRef = CE6EBEFB299A88F000FA4DE1 /* Pretendard-ExtraBold.otf */; };
		CE6EBF05299A88F100FA4DE1 /* Pretendard-SemiBold.otf in Resources */ = {isa = PBXBuildFile; fileRef = CE6EBEFC299A88F000FA4DE1 /* Pretendard-SemiBold.otf */; };
		CE6EBF06299A88F100FA4DE1 /* Pretendard-Black.otf in Resources */ = {isa = PBXBuildFile; fileRef = CE6EBEFD299A88F000FA4DE1 /* Pretendard-Black.otf */; };
		CE6EBF07299A88F100FA4DE1 /* Pretendard-Thin.otf in Resources */ = {isa = PBXBuildFile; fileRef = CE6EBEFE299A88F100FA4DE1 /* Pretendard-Thin.otf */; };
		CE6EBF08299A88F100FA4DE1 /* Pretendard-Regular.otf in Resources */ = {isa = PBXBuildFile; fileRef = CE6EBEFF299A88F100FA4DE1 /* Pretendard-Regular.otf */; };
		CE6EBF09299A88F100FA4DE1 /* Pretendard-ExtraLight.otf in Resources */ = {isa = PBXBuildFile; fileRef = CE6EBF00299A88F100FA4DE1 /* Pretendard-ExtraLight.otf */; };
		CE6EBF0A299A88F100FA4DE1 /* Pretendard-Medium.otf in Resources */ = {isa = PBXBuildFile; fileRef = CE6EBF01299A88F100FA4DE1 /* Pretendard-Medium.otf */; };
		CE6EBF0B299A88F100FA4DE1 /* Pretendard-Light.otf in Resources */ = {isa = PBXBuildFile; fileRef = CE6EBF02299A88F100FA4DE1 /* Pretendard-Light.otf */; };
		CE7634A22A04E3A0009B3CA0 /* CommentListView.swift in Sources */ = {isa = PBXBuildFile; fileRef = CE7634A12A04E3A0009B3CA0 /* CommentListView.swift */; };
		CE7634A42A04E3AD009B3CA0 /* CommentListReducer.swift in Sources */ = {isa = PBXBuildFile; fileRef = CE7634A32A04E3AD009B3CA0 /* CommentListReducer.swift */; };
		CE7634A62A04E778009B3CA0 /* NavigationBarModifier.swift in Sources */ = {isa = PBXBuildFile; fileRef = CE7634A52A04E778009B3CA0 /* NavigationBarModifier.swift */; };
		CE7634A92A04F601009B3CA0 /* AlignmentStackView.swift in Sources */ = {isa = PBXBuildFile; fileRef = CE7634A82A04F601009B3CA0 /* AlignmentStackView.swift */; };
		CE7634AB2A04F620009B3CA0 /* CommonTextField.swift in Sources */ = {isa = PBXBuildFile; fileRef = CE7634AA2A04F620009B3CA0 /* CommonTextField.swift */; };
		CE7E034A29A9DBC500486623 /* SavePhotoView.swift in Sources */ = {isa = PBXBuildFile; fileRef = CE7E034929A9DBC500486623 /* SavePhotoView.swift */; };
		CE7E034F29AB44D700486623 /* Topic.xcdatamodeld in Sources */ = {isa = PBXBuildFile; fileRef = CE7E034D29AB44D700486623 /* Topic.xcdatamodeld */; };
		CE7E035129AB4B4900486623 /* CoreDataManager.swift in Sources */ = {isa = PBXBuildFile; fileRef = CE7E035029AB4B4900486623 /* CoreDataManager.swift */; };
		CE7E035329AB4ED600486623 /* Int+.swift in Sources */ = {isa = PBXBuildFile; fileRef = CE7E035229AB4ED600486623 /* Int+.swift */; };
		CE7E035629AB538800486623 /* ToastView.swift in Sources */ = {isa = PBXBuildFile; fileRef = CE7E035529AB538800486623 /* ToastView.swift */; };
		CE7E035829AB542300486623 /* String+.swift in Sources */ = {isa = PBXBuildFile; fileRef = CE7E035729AB542300486623 /* String+.swift */; };
		CE858E852995427500F2FC42 /* CategoryView.swift in Sources */ = {isa = PBXBuildFile; fileRef = CE858E842995427500F2FC42 /* CategoryView.swift */; };
		CE858E872995468D00F2FC42 /* CategoryReducer.swift in Sources */ = {isa = PBXBuildFile; fileRef = CE858E862995468D00F2FC42 /* CategoryReducer.swift */; };
		CE9083DC2A4079A100B5B322 /* CommentListRepository.swift in Sources */ = {isa = PBXBuildFile; fileRef = CE9083DB2A4079A100B5B322 /* CommentListRepository.swift */; };
		CEA39B462A0FD5F700E18D43 /* CommentView.swift in Sources */ = {isa = PBXBuildFile; fileRef = CEA39B452A0FD5F700E18D43 /* CommentView.swift */; };
		CEA39B482A0FDB8100E18D43 /* Model.Comment.swift in Sources */ = {isa = PBXBuildFile; fileRef = CEA39B472A0FDB8100E18D43 /* Model.Comment.swift */; };
		CEA39B4A2A0FF93C00E18D43 /* ActivityIndicatorView.swift in Sources */ = {isa = PBXBuildFile; fileRef = CEA39B492A0FF93C00E18D43 /* ActivityIndicatorView.swift */; };
		CEA48CC929A270A300B39F84 /* Lottie in Frameworks */ = {isa = PBXBuildFile; productRef = CEA48CC829A270A300B39F84 /* Lottie */; };
		CEA48CCB29A271AE00B39F84 /* LottieView.swift in Sources */ = {isa = PBXBuildFile; fileRef = CEA48CCA29A271AD00B39F84 /* LottieView.swift */; };
		CEA48CCF29A272AC00B39F84 /* SplashView.swift in Sources */ = {isa = PBXBuildFile; fileRef = CEA48CCE29A272AC00B39F84 /* SplashView.swift */; };
		CEA48CD529A276CB00B39F84 /* UserDefault.swift in Sources */ = {isa = PBXBuildFile; fileRef = CEA48CD429A276CB00B39F84 /* UserDefault.swift */; };
		CEA48CD829A2771D00B39F84 /* UserDefaultKey.swift in Sources */ = {isa = PBXBuildFile; fileRef = CEA48CD729A2771D00B39F84 /* UserDefaultKey.swift */; };
		CEA48CDB29A277BA00B39F84 /* UserDefault.Value.swift in Sources */ = {isa = PBXBuildFile; fileRef = CEA48CDA29A277BA00B39F84 /* UserDefault.Value.swift */; };
		CEA48CE029A27AA800B39F84 /* OnboardView.swift in Sources */ = {isa = PBXBuildFile; fileRef = CEA48CDF29A27AA800B39F84 /* OnboardView.swift */; };
		CEA48CE429A27E2400B39F84 /* OnboardFirstView.swift in Sources */ = {isa = PBXBuildFile; fileRef = CEA48CE329A27E2400B39F84 /* OnboardFirstView.swift */; };
		CEA48CE629A27E8A00B39F84 /* OnboardTitleView.swift in Sources */ = {isa = PBXBuildFile; fileRef = CEA48CE529A27E8A00B39F84 /* OnboardTitleView.swift */; };
		CEA48CE829A2837800B39F84 /* OnboardSecondView.swift in Sources */ = {isa = PBXBuildFile; fileRef = CEA48CE729A2837800B39F84 /* OnboardSecondView.swift */; };
		CEA48CEA29A2840000B39F84 /* Onboarding_img_02_Final.json in Resources */ = {isa = PBXBuildFile; fileRef = CEA48CE929A2840000B39F84 /* Onboarding_img_02_Final.json */; };
		CEA48CEC29A2875600B39F84 /* OnboardThirdView.swift in Sources */ = {isa = PBXBuildFile; fileRef = CEA48CEB29A2875600B39F84 /* OnboardThirdView.swift */; };
		CEA48CEE29A295DA00B39F84 /* AcitivityViewController.swift in Sources */ = {isa = PBXBuildFile; fileRef = CEA48CED29A295DA00B39F84 /* AcitivityViewController.swift */; };
		CEA48CF029A2A31800B39F84 /* EmoticonAlert.swift in Sources */ = {isa = PBXBuildFile; fileRef = CEA48CEF29A2A31800B39F84 /* EmoticonAlert.swift */; };
		CEAE6D0329D1B91700A00923 /* Log.swift in Sources */ = {isa = PBXBuildFile; fileRef = CEAE6D0229D1B91700A00923 /* Log.swift */; };
		CEAE6D0529D1B93F00A00923 /* Log.Firebase.swift in Sources */ = {isa = PBXBuildFile; fileRef = CEAE6D0429D1B93F00A00923 /* Log.Firebase.swift */; };
		CEB93F2F2996B54A001087B6 /* Optional+.swift in Sources */ = {isa = PBXBuildFile; fileRef = CEB93F2E2996B54A001087B6 /* Optional+.swift */; };
		CEB93F322997F776001087B6 /* ConfirmButtonView.swift in Sources */ = {isa = PBXBuildFile; fileRef = CEB93F312997F776001087B6 /* ConfirmButtonView.swift */; };
		CEB93F352997FD3F001087B6 /* DetailCardView.swift in Sources */ = {isa = PBXBuildFile; fileRef = CEB93F342997FD3F001087B6 /* DetailCardView.swift */; };
		CEB93F37299801FB001087B6 /* View+.swift in Sources */ = {isa = PBXBuildFile; fileRef = CEB93F36299801FB001087B6 /* View+.swift */; };
		CEB93F3929980B3B001087B6 /* Array+.swift in Sources */ = {isa = PBXBuildFile; fileRef = CEB93F3829980B3B001087B6 /* Array+.swift */; };
		CEB93F4F2998C080001087B6 /* Font+.swift in Sources */ = {isa = PBXBuildFile; fileRef = CEB93F4E2998C080001087B6 /* Font+.swift */; };
		CEB93F512998CA32001087B6 /* CardListReducer.swift in Sources */ = {isa = PBXBuildFile; fileRef = CEB93F502998CA32001087B6 /* CardListReducer.swift */; };
		CEB93F53299940DF001087B6 /* HapticManager.swift in Sources */ = {isa = PBXBuildFile; fileRef = CEB93F52299940DF001087B6 /* HapticManager.swift */; };
		CEC6327D297EBB5E00D9011E /* talkbbokkiApp.swift in Sources */ = {isa = PBXBuildFile; fileRef = CEC6327C297EBB5E00D9011E /* talkbbokkiApp.swift */; };
		CEC6327F297EBB5E00D9011E /* ContentView.swift in Sources */ = {isa = PBXBuildFile; fileRef = CEC6327E297EBB5E00D9011E /* ContentView.swift */; };
		CEC63281297EBB5F00D9011E /* Assets.xcassets in Resources */ = {isa = PBXBuildFile; fileRef = CEC63280297EBB5F00D9011E /* Assets.xcassets */; };
		CEC63285297EBB5F00D9011E /* Preview Assets.xcassets in Resources */ = {isa = PBXBuildFile; fileRef = CEC63284297EBB5F00D9011E /* Preview Assets.xcassets */; };
		CEC6328F297EBB5F00D9011E /* talkbbokkiTests.swift in Sources */ = {isa = PBXBuildFile; fileRef = CEC6328E297EBB5F00D9011E /* talkbbokkiTests.swift */; };
		CEC63299297EBB5F00D9011E /* talkbbokkiUITests.swift in Sources */ = {isa = PBXBuildFile; fileRef = CEC63298297EBB5F00D9011E /* talkbbokkiUITests.swift */; };
		CEC6329B297EBB5F00D9011E /* talkbbokkiUITestsLaunchTests.swift in Sources */ = {isa = PBXBuildFile; fileRef = CEC6329A297EBB5F00D9011E /* talkbbokkiUITestsLaunchTests.swift */; };
		CECBD3C429FABA02007FA3F4 /* NicknameSettingReducer.swift in Sources */ = {isa = PBXBuildFile; fileRef = CECBD3C329FABA02007FA3F4 /* NicknameSettingReducer.swift */; };
		CECBD3C629FD7E70007FA3F4 /* Combine+.swift in Sources */ = {isa = PBXBuildFile; fileRef = CECBD3C529FD7E70007FA3F4 /* Combine+.swift */; };
		CECDA3E42A4B02AD002CF0C8 /* BannerView.swift in Sources */ = {isa = PBXBuildFile; fileRef = CECDA3E32A4B02AD002CF0C8 /* BannerView.swift */; };
		CED4EFFE29AD10BC0063D3C6 /* BookmarkView.swift in Sources */ = {isa = PBXBuildFile; fileRef = CED4EFFD29AD10BC0063D3C6 /* BookmarkView.swift */; };
		CED4F00029AD12CA0063D3C6 /* BookmarkReducer.swift in Sources */ = {isa = PBXBuildFile; fileRef = CED4EFFF29AD12CA0063D3C6 /* BookmarkReducer.swift */; };
		CEDD7B8429A6751D00EAE53B /* AdViewModel.swift in Sources */ = {isa = PBXBuildFile; fileRef = CEDD7B8329A6751D00EAE53B /* AdViewModel.swift */; };
		CEDD7B8629A676DF00EAE53B /* AdViewControllerRepresentable.swift in Sources */ = {isa = PBXBuildFile; fileRef = CEDD7B8529A676DF00EAE53B /* AdViewControllerRepresentable.swift */; };
		CEE72A912982B2820047403A /* Alamofire in Frameworks */ = {isa = PBXBuildFile; productRef = CEE72A902982B2820047403A /* Alamofire */; };
		CEE72A942982B2C10047403A /* ComposableArchitecture in Frameworks */ = {isa = PBXBuildFile; productRef = CEE72A932982B2C10047403A /* ComposableArchitecture */; };
		CEEAAF1929A66B27006A2519 /* Splash_Final_Exceptlogo.json in Resources */ = {isa = PBXBuildFile; fileRef = CEEAAF1829A66B27006A2519 /* Splash_Final_Exceptlogo.json */; };
		CEF1702429A525F000B5C624 /* GoogleMobileAds in Frameworks */ = {isa = PBXBuildFile; productRef = CEF1702329A525F000B5C624 /* GoogleMobileAds */; };
		CEF3323B29AE2505001486DC /* Splash_Final_ios.json in Resources */ = {isa = PBXBuildFile; fileRef = CEF3323A29AE2505001486DC /* Splash_Final_ios.json */; };
		CEF3323F29AE2970001486DC /* FileUtil.swift in Sources */ = {isa = PBXBuildFile; fileRef = CEF3323E29AE2970001486DC /* FileUtil.swift */; };
		CEF3324129AE3324001486DC /* CoreData.Topic.swift in Sources */ = {isa = PBXBuildFile; fileRef = CEF3324029AE3324001486DC /* CoreData.Topic.swift */; };
		CEF3324329AE332C001486DC /* CoreData.Category.swift in Sources */ = {isa = PBXBuildFile; fileRef = CEF3324229AE332C001486DC /* CoreData.Category.swift */; };
		CEF7CFB129A1115D005A7E6C /* AlertView.swift in Sources */ = {isa = PBXBuildFile; fileRef = CEF7CFB029A1115D005A7E6C /* AlertView.swift */; };
		CEFE376E2A0297D30098784E /* MenuView.swift in Sources */ = {isa = PBXBuildFile; fileRef = CEFE376D2A0297D30098784E /* MenuView.swift */; };
		CEFE37722A02A65C0098784E /* MenuView+Extension.swift in Sources */ = {isa = PBXBuildFile; fileRef = CEFE37712A02A65C0098784E /* MenuView+Extension.swift */; };
		CEFE37742A02AA280098784E /* AnyTransition+.swift in Sources */ = {isa = PBXBuildFile; fileRef = CEFE37732A02AA280098784E /* AnyTransition+.swift */; };
/* End PBXBuildFile section */

/* Begin PBXContainerItemProxy section */
		CEC6328B297EBB5F00D9011E /* PBXContainerItemProxy */ = {
			isa = PBXContainerItemProxy;
			containerPortal = CEC63271297EBB5E00D9011E /* Project object */;
			proxyType = 1;
			remoteGlobalIDString = CEC63278297EBB5E00D9011E;
			remoteInfo = talkbbokki;
		};
		CEC63295297EBB5F00D9011E /* PBXContainerItemProxy */ = {
			isa = PBXContainerItemProxy;
			containerPortal = CEC63271297EBB5E00D9011E /* Project object */;
			proxyType = 1;
			remoteGlobalIDString = CEC63278297EBB5E00D9011E;
			remoteInfo = talkbbokki;
		};
/* End PBXContainerItemProxy section */

/* Begin PBXFileReference section */
		CE088E552A460CA800E2B7E1 /* Task+.swift */ = {isa = PBXFileReference; lastKnownFileType = sourcecode.swift; path = "Task+.swift"; sourceTree = "<group>"; };
		CE088E572A460DDC00E2B7E1 /* DetailCardRepository.swift */ = {isa = PBXFileReference; lastKnownFileType = sourcecode.swift; path = DetailCardRepository.swift; sourceTree = "<group>"; };
		CE0F159C2993B9B000295B43 /* APIConfig.swift */ = {isa = PBXFileReference; lastKnownFileType = sourcecode.swift; path = APIConfig.swift; sourceTree = "<group>"; };
		CE0F159F2993BB5B00295B43 /* APIConfig.Error.swift */ = {isa = PBXFileReference; lastKnownFileType = sourcecode.swift; path = APIConfig.Error.swift; sourceTree = "<group>"; };
		CE0F15A12993BBF000295B43 /* APIConfig+Error.swift */ = {isa = PBXFileReference; lastKnownFileType = sourcecode.swift; path = "APIConfig+Error.swift"; sourceTree = "<group>"; };
		CE0F15A32993F5DD00295B43 /* APIConfig.Parameters.swift */ = {isa = PBXFileReference; lastKnownFileType = sourcecode.swift; path = APIConfig.Parameters.swift; sourceTree = "<group>"; };
		CE0F15A52993F5FE00295B43 /* APIConfig+Request.swift */ = {isa = PBXFileReference; lastKnownFileType = sourcecode.swift; path = "APIConfig+Request.swift"; sourceTree = "<group>"; };
		CE0F15A82993FC6C00295B43 /* Domain.Talkbbokki.swift */ = {isa = PBXFileReference; lastKnownFileType = sourcecode.swift; path = Domain.Talkbbokki.swift; sourceTree = "<group>"; };
		CE0F15AA2993FD2800295B43 /* API.swift */ = {isa = PBXFileReference; lastKnownFileType = sourcecode.swift; path = API.swift; sourceTree = "<group>"; };
		CE0F15AC2993FD8F00295B43 /* Talkbbokki.Error.swift */ = {isa = PBXFileReference; lastKnownFileType = sourcecode.swift; path = Talkbbokki.Error.swift; sourceTree = "<group>"; };
		CE0F15AE2994007300295B43 /* Model.Category.swift */ = {isa = PBXFileReference; lastKnownFileType = sourcecode.swift; path = Model.Category.swift; sourceTree = "<group>"; };
		CE0F15B02994025F00295B43 /* Info.plist */ = {isa = PBXFileReference; lastKnownFileType = text.plist; path = Info.plist; sourceTree = "<group>"; };
		CE1F2A5829BBA0A100028EF8 /* Utils.swift */ = {isa = PBXFileReference; lastKnownFileType = sourcecode.swift; path = Utils.swift; sourceTree = "<group>"; };
		CE1F2A5A29BBA7CB00028EF8 /* talkbbokkiRelease.entitlements */ = {isa = PBXFileReference; lastKnownFileType = text.plist.entitlements; path = talkbbokkiRelease.entitlements; sourceTree = "<group>"; };
		CE39E1122986503900E3C93D /* Model.Topic.swift */ = {isa = PBXFileReference; lastKnownFileType = sourcecode.swift; path = Model.Topic.swift; sourceTree = "<group>"; };
		CE39E1142986504400E3C93D /* Model.swift */ = {isa = PBXFileReference; lastKnownFileType = sourcecode.swift; path = Model.swift; sourceTree = "<group>"; };
		CE39E1162986507F00E3C93D /* CardView.swift */ = {isa = PBXFileReference; lastKnownFileType = sourcecode.swift; path = CardView.swift; sourceTree = "<group>"; };
		CE39E118298650BB00E3C93D /* CardListView.swift */ = {isa = PBXFileReference; lastKnownFileType = sourcecode.swift; path = CardListView.swift; sourceTree = "<group>"; };
		CE3DAC2E29F97865007C900D /* NicknameSettingView.swift */ = {isa = PBXFileReference; lastKnownFileType = sourcecode.swift; path = NicknameSettingView.swift; sourceTree = "<group>"; };
		CE44AEDA29B8C85A002004B3 /* NavigationBar.swift */ = {isa = PBXFileReference; lastKnownFileType = sourcecode.swift; path = NavigationBar.swift; sourceTree = "<group>"; };
		CE498376299A9DCB008A3968 /* DetailCardReducer.swift */ = {isa = PBXFileReference; lastKnownFileType = sourcecode.swift; path = DetailCardReducer.swift; sourceTree = "<group>"; };
		CE498378299A9F25008A3968 /* Model.Order.swift */ = {isa = PBXFileReference; lastKnownFileType = sourcecode.swift; path = Model.Order.swift; sourceTree = "<group>"; };
		CE49837C299AA68C008A3968 /* Color.swift */ = {isa = PBXFileReference; lastKnownFileType = sourcecode.swift; path = Color.swift; sourceTree = "<group>"; };
		CE588A3F29F97A77003EAEC2 /* OnboardFourthView.swift */ = {isa = PBXFileReference; lastKnownFileType = sourcecode.swift; path = OnboardFourthView.swift; sourceTree = "<group>"; };
		CE618E0929A3AA2900076F7E /* SuggestView.swift */ = {isa = PBXFileReference; lastKnownFileType = sourcecode.swift; path = SuggestView.swift; sourceTree = "<group>"; };
		CE618E1029A3D81B00076F7E /* Date+.swift */ = {isa = PBXFileReference; lastKnownFileType = sourcecode.swift; path = "Date+.swift"; sourceTree = "<group>"; };
		CE64A4FF299BDE58004C4E8D /* GoogleService-Info.plist */ = {isa = PBXFileReference; fileEncoding = 4; lastKnownFileType = text.plist.xml; path = "GoogleService-Info.plist"; sourceTree = "<group>"; };
		CE64A506299BE9D1004C4E8D /* AppDelegate.swift */ = {isa = PBXFileReference; lastKnownFileType = sourcecode.swift; path = AppDelegate.swift; sourceTree = "<group>"; };
		CE6EBEFA299A88F000FA4DE1 /* Pretendard-Bold.otf */ = {isa = PBXFileReference; lastKnownFileType = file; path = "Pretendard-Bold.otf"; sourceTree = "<group>"; };
		CE6EBEFB299A88F000FA4DE1 /* Pretendard-ExtraBold.otf */ = {isa = PBXFileReference; lastKnownFileType = file; path = "Pretendard-ExtraBold.otf"; sourceTree = "<group>"; };
		CE6EBEFC299A88F000FA4DE1 /* Pretendard-SemiBold.otf */ = {isa = PBXFileReference; lastKnownFileType = file; path = "Pretendard-SemiBold.otf"; sourceTree = "<group>"; };
		CE6EBEFD299A88F000FA4DE1 /* Pretendard-Black.otf */ = {isa = PBXFileReference; lastKnownFileType = file; path = "Pretendard-Black.otf"; sourceTree = "<group>"; };
		CE6EBEFE299A88F100FA4DE1 /* Pretendard-Thin.otf */ = {isa = PBXFileReference; lastKnownFileType = file; path = "Pretendard-Thin.otf"; sourceTree = "<group>"; };
		CE6EBEFF299A88F100FA4DE1 /* Pretendard-Regular.otf */ = {isa = PBXFileReference; lastKnownFileType = file; path = "Pretendard-Regular.otf"; sourceTree = "<group>"; };
		CE6EBF00299A88F100FA4DE1 /* Pretendard-ExtraLight.otf */ = {isa = PBXFileReference; lastKnownFileType = file; path = "Pretendard-ExtraLight.otf"; sourceTree = "<group>"; };
		CE6EBF01299A88F100FA4DE1 /* Pretendard-Medium.otf */ = {isa = PBXFileReference; lastKnownFileType = file; path = "Pretendard-Medium.otf"; sourceTree = "<group>"; };
		CE6EBF02299A88F100FA4DE1 /* Pretendard-Light.otf */ = {isa = PBXFileReference; lastKnownFileType = file; path = "Pretendard-Light.otf"; sourceTree = "<group>"; };
		CE7634A12A04E3A0009B3CA0 /* CommentListView.swift */ = {isa = PBXFileReference; lastKnownFileType = sourcecode.swift; path = CommentListView.swift; sourceTree = "<group>"; };
		CE7634A32A04E3AD009B3CA0 /* CommentListReducer.swift */ = {isa = PBXFileReference; lastKnownFileType = sourcecode.swift; path = CommentListReducer.swift; sourceTree = "<group>"; };
		CE7634A52A04E778009B3CA0 /* NavigationBarModifier.swift */ = {isa = PBXFileReference; lastKnownFileType = sourcecode.swift; path = NavigationBarModifier.swift; sourceTree = "<group>"; };
		CE7634A82A04F601009B3CA0 /* AlignmentStackView.swift */ = {isa = PBXFileReference; lastKnownFileType = sourcecode.swift; path = AlignmentStackView.swift; sourceTree = "<group>"; };
		CE7634AA2A04F620009B3CA0 /* CommonTextField.swift */ = {isa = PBXFileReference; lastKnownFileType = sourcecode.swift; path = CommonTextField.swift; sourceTree = "<group>"; };
		CE7E034929A9DBC500486623 /* SavePhotoView.swift */ = {isa = PBXFileReference; lastKnownFileType = sourcecode.swift; path = SavePhotoView.swift; sourceTree = "<group>"; };
		CE7E034E29AB44D700486623 /* CoreData.Topic.xcdatamodel */ = {isa = PBXFileReference; lastKnownFileType = wrapper.xcdatamodel; path = CoreData.Topic.xcdatamodel; sourceTree = "<group>"; };
		CE7E035029AB4B4900486623 /* CoreDataManager.swift */ = {isa = PBXFileReference; lastKnownFileType = sourcecode.swift; path = CoreDataManager.swift; sourceTree = "<group>"; };
		CE7E035229AB4ED600486623 /* Int+.swift */ = {isa = PBXFileReference; lastKnownFileType = sourcecode.swift; path = "Int+.swift"; sourceTree = "<group>"; };
		CE7E035529AB538800486623 /* ToastView.swift */ = {isa = PBXFileReference; lastKnownFileType = sourcecode.swift; path = ToastView.swift; sourceTree = "<group>"; };
		CE7E035729AB542300486623 /* String+.swift */ = {isa = PBXFileReference; lastKnownFileType = sourcecode.swift; path = "String+.swift"; sourceTree = "<group>"; };
		CE858E842995427500F2FC42 /* CategoryView.swift */ = {isa = PBXFileReference; lastKnownFileType = sourcecode.swift; path = CategoryView.swift; sourceTree = "<group>"; };
		CE858E862995468D00F2FC42 /* CategoryReducer.swift */ = {isa = PBXFileReference; lastKnownFileType = sourcecode.swift; path = CategoryReducer.swift; sourceTree = "<group>"; };
		CE9083DB2A4079A100B5B322 /* CommentListRepository.swift */ = {isa = PBXFileReference; lastKnownFileType = sourcecode.swift; path = CommentListRepository.swift; sourceTree = "<group>"; };
		CEA39B452A0FD5F700E18D43 /* CommentView.swift */ = {isa = PBXFileReference; lastKnownFileType = sourcecode.swift; path = CommentView.swift; sourceTree = "<group>"; };
		CEA39B472A0FDB8100E18D43 /* Model.Comment.swift */ = {isa = PBXFileReference; lastKnownFileType = sourcecode.swift; path = Model.Comment.swift; sourceTree = "<group>"; };
		CEA39B492A0FF93C00E18D43 /* ActivityIndicatorView.swift */ = {isa = PBXFileReference; lastKnownFileType = sourcecode.swift; path = ActivityIndicatorView.swift; sourceTree = "<group>"; };
		CEA48CCA29A271AD00B39F84 /* LottieView.swift */ = {isa = PBXFileReference; lastKnownFileType = sourcecode.swift; path = LottieView.swift; sourceTree = "<group>"; };
		CEA48CCE29A272AC00B39F84 /* SplashView.swift */ = {isa = PBXFileReference; lastKnownFileType = sourcecode.swift; path = SplashView.swift; sourceTree = "<group>"; };
		CEA48CD429A276CB00B39F84 /* UserDefault.swift */ = {isa = PBXFileReference; lastKnownFileType = sourcecode.swift; path = UserDefault.swift; sourceTree = "<group>"; };
		CEA48CD729A2771D00B39F84 /* UserDefaultKey.swift */ = {isa = PBXFileReference; lastKnownFileType = sourcecode.swift; path = UserDefaultKey.swift; sourceTree = "<group>"; };
		CEA48CDA29A277BA00B39F84 /* UserDefault.Value.swift */ = {isa = PBXFileReference; lastKnownFileType = sourcecode.swift; path = UserDefault.Value.swift; sourceTree = "<group>"; };
		CEA48CDF29A27AA800B39F84 /* OnboardView.swift */ = {isa = PBXFileReference; lastKnownFileType = sourcecode.swift; path = OnboardView.swift; sourceTree = "<group>"; };
		CEA48CE329A27E2400B39F84 /* OnboardFirstView.swift */ = {isa = PBXFileReference; lastKnownFileType = sourcecode.swift; path = OnboardFirstView.swift; sourceTree = "<group>"; };
		CEA48CE529A27E8A00B39F84 /* OnboardTitleView.swift */ = {isa = PBXFileReference; lastKnownFileType = sourcecode.swift; path = OnboardTitleView.swift; sourceTree = "<group>"; };
		CEA48CE729A2837800B39F84 /* OnboardSecondView.swift */ = {isa = PBXFileReference; lastKnownFileType = sourcecode.swift; path = OnboardSecondView.swift; sourceTree = "<group>"; };
		CEA48CE929A2840000B39F84 /* Onboarding_img_02_Final.json */ = {isa = PBXFileReference; fileEncoding = 4; lastKnownFileType = text.json; path = Onboarding_img_02_Final.json; sourceTree = "<group>"; };
		CEA48CEB29A2875600B39F84 /* OnboardThirdView.swift */ = {isa = PBXFileReference; lastKnownFileType = sourcecode.swift; path = OnboardThirdView.swift; sourceTree = "<group>"; };
		CEA48CED29A295DA00B39F84 /* AcitivityViewController.swift */ = {isa = PBXFileReference; lastKnownFileType = sourcecode.swift; path = AcitivityViewController.swift; sourceTree = "<group>"; };
		CEA48CEF29A2A31800B39F84 /* EmoticonAlert.swift */ = {isa = PBXFileReference; lastKnownFileType = sourcecode.swift; path = EmoticonAlert.swift; sourceTree = "<group>"; };
		CEAE6D0229D1B91700A00923 /* Log.swift */ = {isa = PBXFileReference; lastKnownFileType = sourcecode.swift; path = Log.swift; sourceTree = "<group>"; };
		CEAE6D0429D1B93F00A00923 /* Log.Firebase.swift */ = {isa = PBXFileReference; lastKnownFileType = sourcecode.swift; path = Log.Firebase.swift; sourceTree = "<group>"; };
		CEB93F2E2996B54A001087B6 /* Optional+.swift */ = {isa = PBXFileReference; lastKnownFileType = sourcecode.swift; path = "Optional+.swift"; sourceTree = "<group>"; };
		CEB93F312997F776001087B6 /* ConfirmButtonView.swift */ = {isa = PBXFileReference; lastKnownFileType = sourcecode.swift; path = ConfirmButtonView.swift; sourceTree = "<group>"; };
		CEB93F342997FD3F001087B6 /* DetailCardView.swift */ = {isa = PBXFileReference; lastKnownFileType = sourcecode.swift; path = DetailCardView.swift; sourceTree = "<group>"; };
		CEB93F36299801FB001087B6 /* View+.swift */ = {isa = PBXFileReference; lastKnownFileType = sourcecode.swift; path = "View+.swift"; sourceTree = "<group>"; };
		CEB93F3829980B3B001087B6 /* Array+.swift */ = {isa = PBXFileReference; lastKnownFileType = sourcecode.swift; path = "Array+.swift"; sourceTree = "<group>"; };
		CEB93F4E2998C080001087B6 /* Font+.swift */ = {isa = PBXFileReference; lastKnownFileType = sourcecode.swift; path = "Font+.swift"; sourceTree = "<group>"; };
		CEB93F502998CA32001087B6 /* CardListReducer.swift */ = {isa = PBXFileReference; lastKnownFileType = sourcecode.swift; path = CardListReducer.swift; sourceTree = "<group>"; };
		CEB93F52299940DF001087B6 /* HapticManager.swift */ = {isa = PBXFileReference; lastKnownFileType = sourcecode.swift; path = HapticManager.swift; sourceTree = "<group>"; };
		CEC63279297EBB5E00D9011E /* talkbbokki.app */ = {isa = PBXFileReference; explicitFileType = wrapper.application; includeInIndex = 0; path = talkbbokki.app; sourceTree = BUILT_PRODUCTS_DIR; };
		CEC6327C297EBB5E00D9011E /* talkbbokkiApp.swift */ = {isa = PBXFileReference; lastKnownFileType = sourcecode.swift; path = talkbbokkiApp.swift; sourceTree = "<group>"; };
		CEC6327E297EBB5E00D9011E /* ContentView.swift */ = {isa = PBXFileReference; lastKnownFileType = sourcecode.swift; path = ContentView.swift; sourceTree = "<group>"; };
		CEC63280297EBB5F00D9011E /* Assets.xcassets */ = {isa = PBXFileReference; lastKnownFileType = folder.assetcatalog; path = Assets.xcassets; sourceTree = "<group>"; };
		CEC63282297EBB5F00D9011E /* talkbbokki.entitlements */ = {isa = PBXFileReference; lastKnownFileType = text.plist.entitlements; path = talkbbokki.entitlements; sourceTree = "<group>"; };
		CEC63284297EBB5F00D9011E /* Preview Assets.xcassets */ = {isa = PBXFileReference; lastKnownFileType = folder.assetcatalog; path = "Preview Assets.xcassets"; sourceTree = "<group>"; };
		CEC6328A297EBB5F00D9011E /* talkbbokkiTests.xctest */ = {isa = PBXFileReference; explicitFileType = wrapper.cfbundle; includeInIndex = 0; path = talkbbokkiTests.xctest; sourceTree = BUILT_PRODUCTS_DIR; };
		CEC6328E297EBB5F00D9011E /* talkbbokkiTests.swift */ = {isa = PBXFileReference; lastKnownFileType = sourcecode.swift; path = talkbbokkiTests.swift; sourceTree = "<group>"; };
		CEC63294297EBB5F00D9011E /* talkbbokkiUITests.xctest */ = {isa = PBXFileReference; explicitFileType = wrapper.cfbundle; includeInIndex = 0; path = talkbbokkiUITests.xctest; sourceTree = BUILT_PRODUCTS_DIR; };
		CEC63298297EBB5F00D9011E /* talkbbokkiUITests.swift */ = {isa = PBXFileReference; lastKnownFileType = sourcecode.swift; path = talkbbokkiUITests.swift; sourceTree = "<group>"; };
		CEC6329A297EBB5F00D9011E /* talkbbokkiUITestsLaunchTests.swift */ = {isa = PBXFileReference; lastKnownFileType = sourcecode.swift; path = talkbbokkiUITestsLaunchTests.swift; sourceTree = "<group>"; };
		CECBD3C329FABA02007FA3F4 /* NicknameSettingReducer.swift */ = {isa = PBXFileReference; lastKnownFileType = sourcecode.swift; path = NicknameSettingReducer.swift; sourceTree = "<group>"; };
		CECBD3C529FD7E70007FA3F4 /* Combine+.swift */ = {isa = PBXFileReference; lastKnownFileType = sourcecode.swift; path = "Combine+.swift"; sourceTree = "<group>"; };
		CECDA3E32A4B02AD002CF0C8 /* BannerView.swift */ = {isa = PBXFileReference; lastKnownFileType = sourcecode.swift; path = BannerView.swift; sourceTree = "<group>"; };
		CED4EFFD29AD10BC0063D3C6 /* BookmarkView.swift */ = {isa = PBXFileReference; lastKnownFileType = sourcecode.swift; path = BookmarkView.swift; sourceTree = "<group>"; };
		CED4EFFF29AD12CA0063D3C6 /* BookmarkReducer.swift */ = {isa = PBXFileReference; lastKnownFileType = sourcecode.swift; path = BookmarkReducer.swift; sourceTree = "<group>"; };
		CEDD7B8329A6751D00EAE53B /* AdViewModel.swift */ = {isa = PBXFileReference; lastKnownFileType = sourcecode.swift; path = AdViewModel.swift; sourceTree = "<group>"; };
		CEDD7B8529A676DF00EAE53B /* AdViewControllerRepresentable.swift */ = {isa = PBXFileReference; lastKnownFileType = sourcecode.swift; path = AdViewControllerRepresentable.swift; sourceTree = "<group>"; };
		CEEAAF1829A66B27006A2519 /* Splash_Final_Exceptlogo.json */ = {isa = PBXFileReference; fileEncoding = 4; lastKnownFileType = text.json; path = Splash_Final_Exceptlogo.json; sourceTree = "<group>"; };
		CEF3323A29AE2505001486DC /* Splash_Final_ios.json */ = {isa = PBXFileReference; fileEncoding = 4; lastKnownFileType = text.json; path = Splash_Final_ios.json; sourceTree = "<group>"; };
		CEF3323E29AE2970001486DC /* FileUtil.swift */ = {isa = PBXFileReference; lastKnownFileType = sourcecode.swift; path = FileUtil.swift; sourceTree = "<group>"; };
		CEF3324029AE3324001486DC /* CoreData.Topic.swift */ = {isa = PBXFileReference; lastKnownFileType = sourcecode.swift; path = CoreData.Topic.swift; sourceTree = "<group>"; };
		CEF3324229AE332C001486DC /* CoreData.Category.swift */ = {isa = PBXFileReference; lastKnownFileType = sourcecode.swift; path = CoreData.Category.swift; sourceTree = "<group>"; };
		CEF7CFB029A1115D005A7E6C /* AlertView.swift */ = {isa = PBXFileReference; lastKnownFileType = sourcecode.swift; path = AlertView.swift; sourceTree = "<group>"; };
		CEFE376D2A0297D30098784E /* MenuView.swift */ = {isa = PBXFileReference; lastKnownFileType = sourcecode.swift; path = MenuView.swift; sourceTree = "<group>"; };
		CEFE37712A02A65C0098784E /* MenuView+Extension.swift */ = {isa = PBXFileReference; lastKnownFileType = sourcecode.swift; path = "MenuView+Extension.swift"; sourceTree = "<group>"; };
		CEFE37732A02AA280098784E /* AnyTransition+.swift */ = {isa = PBXFileReference; lastKnownFileType = sourcecode.swift; path = "AnyTransition+.swift"; sourceTree = "<group>"; };
/* End PBXFileReference section */

/* Begin PBXFrameworksBuildPhase section */
		CEC63276297EBB5E00D9011E /* Frameworks */ = {
			isa = PBXFrameworksBuildPhase;
			buildActionMask = 2147483647;
			files = (
				CE25833829BB94B70005001F /* FirebaseMessaging in Frameworks */,
				CE25832829BB94B70005001F /* FirebaseFirestoreCombine-Community in Frameworks */,
				CE25832029BB94B70005001F /* FirebaseDatabase in Frameworks */,
				CEA48CC929A270A300B39F84 /* Lottie in Frameworks */,
				CE25834029BB94B70005001F /* FirebaseStorage in Frameworks */,
				CE618E0D29A3CB3600076F7E /* Introspect in Frameworks */,
				CE25830E29BB94B70005001F /* FirebaseAnalytics in Frameworks */,
				CE25831E29BB94B70005001F /* FirebaseCrashlytics in Frameworks */,
				CE25832629BB94B70005001F /* FirebaseFirestore in Frameworks */,
				CE25832429BB94B70005001F /* FirebaseDynamicLinks in Frameworks */,
				CE25834229BB94B70005001F /* FirebaseStorageCombine-Community in Frameworks */,
				CE25831029BB94B70005001F /* FirebaseAnalyticsOnDeviceConversion in Frameworks */,
				CE25832E29BB94B70005001F /* FirebaseFunctionsCombine-Community in Frameworks */,
				CE25833229BB94B70005001F /* FirebaseInAppMessagingSwift-Beta in Frameworks */,
				CE25833629BB94B70005001F /* FirebaseMLModelDownloader in Frameworks */,
				CE25833029BB94B70005001F /* FirebaseInAppMessaging-Beta in Frameworks */,
				CE25833A29BB94B70005001F /* FirebasePerformance in Frameworks */,
				CE25831C29BB94B70005001F /* FirebaseAuthCombine-Community in Frameworks */,
				CE25831229BB94B70005001F /* FirebaseAnalyticsSwift in Frameworks */,
				CE25832229BB94B70005001F /* FirebaseDatabaseSwift in Frameworks */,
				CEE72A942982B2C10047403A /* ComposableArchitecture in Frameworks */,
				CE25833C29BB94B70005001F /* FirebaseRemoteConfig in Frameworks */,
				CEE72A912982B2820047403A /* Alamofire in Frameworks */,
				CE25831A29BB94B70005001F /* FirebaseAuth in Frameworks */,
				CE25832C29BB94B70005001F /* FirebaseFunctions in Frameworks */,
				CE25833429BB94B70005001F /* FirebaseInstallations in Frameworks */,
				CE25832A29BB94B70005001F /* FirebaseFirestoreSwift in Frameworks */,
				CE25831429BB94B70005001F /* FirebaseAnalyticsWithoutAdIdSupport in Frameworks */,
				CE25831629BB94B70005001F /* FirebaseAppCheck in Frameworks */,
				CE25833E29BB94B70005001F /* FirebaseRemoteConfigSwift in Frameworks */,
				CE25831829BB94B70005001F /* FirebaseAppDistribution-Beta in Frameworks */,
				CEF1702429A525F000B5C624 /* GoogleMobileAds in Frameworks */,
			);
			runOnlyForDeploymentPostprocessing = 0;
		};
		CEC63287297EBB5F00D9011E /* Frameworks */ = {
			isa = PBXFrameworksBuildPhase;
			buildActionMask = 2147483647;
			files = (
			);
			runOnlyForDeploymentPostprocessing = 0;
		};
		CEC63291297EBB5F00D9011E /* Frameworks */ = {
			isa = PBXFrameworksBuildPhase;
			buildActionMask = 2147483647;
			files = (
			);
			runOnlyForDeploymentPostprocessing = 0;
		};
/* End PBXFrameworksBuildPhase section */

/* Begin PBXGroup section */
		CE0F159E2993B9BE00295B43 /* APIConfig */ = {
			isa = PBXGroup;
			children = (
				CE0F159C2993B9B000295B43 /* APIConfig.swift */,
				CE0F159F2993BB5B00295B43 /* APIConfig.Error.swift */,
				CE0F15A32993F5DD00295B43 /* APIConfig.Parameters.swift */,
				CE0F15A12993BBF000295B43 /* APIConfig+Error.swift */,
				CE0F15A52993F5FE00295B43 /* APIConfig+Request.swift */,
			);
			path = APIConfig;
			sourceTree = "<group>";
		};
		CE0F15A72993FC6000295B43 /* API */ = {
			isa = PBXGroup;
			children = (
				CE0F15A82993FC6C00295B43 /* Domain.Talkbbokki.swift */,
				CE0F15AA2993FD2800295B43 /* API.swift */,
				CE0F15AC2993FD8F00295B43 /* Talkbbokki.Error.swift */,
			);
			path = API;
			sourceTree = "<group>";
		};
		CE39E10D2984F69300E3C93D /* Networking */ = {
			isa = PBXGroup;
			children = (
				CE0F15A72993FC6000295B43 /* API */,
				CE0F159E2993B9BE00295B43 /* APIConfig */,
			);
			path = Networking;
			sourceTree = "<group>";
		};
		CE39E10E29864FF300E3C93D /* CardList */ = {
			isa = PBXGroup;
			children = (
				CE39E1162986507F00E3C93D /* CardView.swift */,
				CE39E118298650BB00E3C93D /* CardListView.swift */,
				CEB93F502998CA32001087B6 /* CardListReducer.swift */,
			);
			path = CardList;
			sourceTree = "<group>";
		};
		CE39E1112986502F00E3C93D /* Model */ = {
			isa = PBXGroup;
			children = (
				CE39E1142986504400E3C93D /* Model.swift */,
				CE39E1122986503900E3C93D /* Model.Topic.swift */,
				CE0F15AE2994007300295B43 /* Model.Category.swift */,
				CE498378299A9F25008A3968 /* Model.Order.swift */,
				CEA39B472A0FDB8100E18D43 /* Model.Comment.swift */,
			);
			path = Model;
			sourceTree = "<group>";
		};
		CE3DDCCB29A6849000B57E8F /* GoogleAds */ = {
			isa = PBXGroup;
			children = (
				CEDD7B8329A6751D00EAE53B /* AdViewModel.swift */,
				CEDD7B8529A676DF00EAE53B /* AdViewControllerRepresentable.swift */,
			);
			path = GoogleAds;
			sourceTree = "<group>";
		};
		CE7634A02A04CE21009B3CA0 /* Comment */ = {
			isa = PBXGroup;
			children = (
				CE7634A12A04E3A0009B3CA0 /* CommentListView.swift */,
				CE7634A32A04E3AD009B3CA0 /* CommentListReducer.swift */,
				CE9083DB2A4079A100B5B322 /* CommentListRepository.swift */,
				CEA39B452A0FD5F700E18D43 /* CommentView.swift */,
			);
			path = Comment;
			sourceTree = "<group>";
		};
		CE7E034C29AB445800486623 /* CoreData */ = {
			isa = PBXGroup;
			children = (
				CE7E034D29AB44D700486623 /* Topic.xcdatamodeld */,
				CE7E035029AB4B4900486623 /* CoreDataManager.swift */,
				CEF3324029AE3324001486DC /* CoreData.Topic.swift */,
				CEF3324229AE332C001486DC /* CoreData.Category.swift */,
			);
			path = CoreData;
			sourceTree = "<group>";
		};
		CE858E822995426000F2FC42 /* View */ = {
			isa = PBXGroup;
			children = (
				CEA48CDC29A278F500B39F84 /* Onboard */,
				CEB93F302997F76C001087B6 /* Common */,
				CE858E832995426900F2FC42 /* Category */,
				CE39E10E29864FF300E3C93D /* CardList */,
				CEB93F332997FD30001087B6 /* Detail */,
				CED4EFFC29AD10A60063D3C6 /* Bookmark */,
				CEA48CCE29A272AC00B39F84 /* SplashView.swift */,
			);
			path = View;
			sourceTree = "<group>";
		};
		CE858E832995426900F2FC42 /* Category */ = {
			isa = PBXGroup;
			children = (
				CE858E842995427500F2FC42 /* CategoryView.swift */,
				CE858E862995468D00F2FC42 /* CategoryReducer.swift */,
				CE618E0929A3AA2900076F7E /* SuggestView.swift */,
				CEFE376C2A0297C10098784E /* Menu */,
			);
			path = Category;
			sourceTree = "<group>";
		};
		CEA48CD029A2730200B39F84 /* Lottie */ = {
			isa = PBXGroup;
			children = (
				CEF3323A29AE2505001486DC /* Splash_Final_ios.json */,
				CEEAAF1829A66B27006A2519 /* Splash_Final_Exceptlogo.json */,
				CEA48CE929A2840000B39F84 /* Onboarding_img_02_Final.json */,
			);
			path = Lottie;
			sourceTree = "<group>";
		};
		CEA48CD629A2770200B39F84 /* Extension */ = {
			isa = PBXGroup;
			children = (
				CEB93F2E2996B54A001087B6 /* Optional+.swift */,
				CEB93F36299801FB001087B6 /* View+.swift */,
				CEB93F3829980B3B001087B6 /* Array+.swift */,
				CEB93F4E2998C080001087B6 /* Font+.swift */,
				CE49837C299AA68C008A3968 /* Color.swift */,
				CE618E1029A3D81B00076F7E /* Date+.swift */,
				CE7E035229AB4ED600486623 /* Int+.swift */,
				CE7E035729AB542300486623 /* String+.swift */,
				CE44AEDA29B8C85A002004B3 /* NavigationBar.swift */,
				CECBD3C529FD7E70007FA3F4 /* Combine+.swift */,
				CEFE37732A02AA280098784E /* AnyTransition+.swift */,
				CE7634A52A04E778009B3CA0 /* NavigationBarModifier.swift */,
				CE088E552A460CA800E2B7E1 /* Task+.swift */,
			);
			path = Extension;
			sourceTree = "<group>";
		};
		CEA48CD929A2774D00B39F84 /* UserDefault */ = {
			isa = PBXGroup;
			children = (
				CEA48CD429A276CB00B39F84 /* UserDefault.swift */,
				CEA48CD729A2771D00B39F84 /* UserDefaultKey.swift */,
				CEA48CDA29A277BA00B39F84 /* UserDefault.Value.swift */,
			);
			path = UserDefault;
			sourceTree = "<group>";
		};
		CEA48CDC29A278F500B39F84 /* Onboard */ = {
			isa = PBXGroup;
			children = (
				CEA48CDF29A27AA800B39F84 /* OnboardView.swift */,
				CEA48CE529A27E8A00B39F84 /* OnboardTitleView.swift */,
				CEA48CE329A27E2400B39F84 /* OnboardFirstView.swift */,
				CEA48CE729A2837800B39F84 /* OnboardSecondView.swift */,
				CEA48CEB29A2875600B39F84 /* OnboardThirdView.swift */,
				CE588A3F29F97A77003EAEC2 /* OnboardFourthView.swift */,
				CE3DAC2E29F97865007C900D /* NicknameSettingView.swift */,
				CECBD3C329FABA02007FA3F4 /* NicknameSettingReducer.swift */,
			);
			path = Onboard;
			sourceTree = "<group>";
		};
		CEAE6D0129D1B90A00A00923 /* LogManager */ = {
			isa = PBXGroup;
			children = (
				CEAE6D0229D1B91700A00923 /* Log.swift */,
				CEAE6D0429D1B93F00A00923 /* Log.Firebase.swift */,
			);
			path = LogManager;
			sourceTree = "<group>";
		};
		CEB93F2D2996B541001087B6 /* Common */ = {
			isa = PBXGroup;
			children = (
				CEAE6D0129D1B90A00A00923 /* LogManager */,
				CEF3323D29AE295C001486DC /* FileUtil */,
				CE7E034C29AB445800486623 /* CoreData */,
				CEA48CD929A2774D00B39F84 /* UserDefault */,
				CEA48CD629A2770200B39F84 /* Extension */,
				CE3DDCCB29A6849000B57E8F /* GoogleAds */,
				CE1F2A5829BBA0A100028EF8 /* Utils.swift */,
				CEB93F52299940DF001087B6 /* HapticManager.swift */,
				CE64A506299BE9D1004C4E8D /* AppDelegate.swift */,
			);
			path = Common;
			sourceTree = "<group>";
		};
		CEB93F302997F76C001087B6 /* Common */ = {
			isa = PBXGroup;
			children = (
				CEB93F312997F776001087B6 /* ConfirmButtonView.swift */,
				CE7E035529AB538800486623 /* ToastView.swift */,
				CEF7CFB029A1115D005A7E6C /* AlertView.swift */,
				CEA48CCA29A271AD00B39F84 /* LottieView.swift */,
				CEA48CED29A295DA00B39F84 /* AcitivityViewController.swift */,
				CEA48CEF29A2A31800B39F84 /* EmoticonAlert.swift */,
				CE7634A82A04F601009B3CA0 /* AlignmentStackView.swift */,
				CE7634AA2A04F620009B3CA0 /* CommonTextField.swift */,
				CEA39B492A0FF93C00E18D43 /* ActivityIndicatorView.swift */,
				CECDA3E32A4B02AD002CF0C8 /* BannerView.swift */,
			);
			path = Common;
			sourceTree = "<group>";
		};
		CEB93F332997FD30001087B6 /* Detail */ = {
			isa = PBXGroup;
			children = (
				CEB93F342997FD3F001087B6 /* DetailCardView.swift */,
				CE498376299A9DCB008A3968 /* DetailCardReducer.swift */,
				CE088E572A460DDC00E2B7E1 /* DetailCardRepository.swift */,
				CE7E034929A9DBC500486623 /* SavePhotoView.swift */,
				CE7634A02A04CE21009B3CA0 /* Comment */,
			);
			path = Detail;
			sourceTree = "<group>";
		};
		CEB93F3A2998BFE2001087B6 /* Resources */ = {
			isa = PBXGroup;
			children = (
				CEA48CD029A2730200B39F84 /* Lottie */,
				CE64A4FF299BDE58004C4E8D /* GoogleService-Info.plist */,
				CEC63280297EBB5F00D9011E /* Assets.xcassets */,
				CEB93F3B2998BFE9001087B6 /* Font */,
			);
			path = Resources;
			sourceTree = "<group>";
		};
		CEB93F3B2998BFE9001087B6 /* Font */ = {
			isa = PBXGroup;
			children = (
				CE6EBEFD299A88F000FA4DE1 /* Pretendard-Black.otf */,
				CE6EBEFA299A88F000FA4DE1 /* Pretendard-Bold.otf */,
				CE6EBEFB299A88F000FA4DE1 /* Pretendard-ExtraBold.otf */,
				CE6EBF00299A88F100FA4DE1 /* Pretendard-ExtraLight.otf */,
				CE6EBF02299A88F100FA4DE1 /* Pretendard-Light.otf */,
				CE6EBF01299A88F100FA4DE1 /* Pretendard-Medium.otf */,
				CE6EBEFF299A88F100FA4DE1 /* Pretendard-Regular.otf */,
				CE6EBEFC299A88F000FA4DE1 /* Pretendard-SemiBold.otf */,
				CE6EBEFE299A88F100FA4DE1 /* Pretendard-Thin.otf */,
			);
			path = Font;
			sourceTree = "<group>";
		};
		CEC63270297EBB5E00D9011E = {
			isa = PBXGroup;
			children = (
				CEC6327B297EBB5E00D9011E /* talkbbokki */,
				CEC6328D297EBB5F00D9011E /* talkbbokkiTests */,
				CEC63297297EBB5F00D9011E /* talkbbokkiUITests */,
				CEC6327A297EBB5E00D9011E /* Products */,
			);
			sourceTree = "<group>";
		};
		CEC6327A297EBB5E00D9011E /* Products */ = {
			isa = PBXGroup;
			children = (
				CEC63279297EBB5E00D9011E /* talkbbokki.app */,
				CEC6328A297EBB5F00D9011E /* talkbbokkiTests.xctest */,
				CEC63294297EBB5F00D9011E /* talkbbokkiUITests.xctest */,
			);
			name = Products;
			sourceTree = "<group>";
		};
		CEC6327B297EBB5E00D9011E /* talkbbokki */ = {
			isa = PBXGroup;
			children = (
				CE1F2A5A29BBA7CB00028EF8 /* talkbbokkiRelease.entitlements */,
				CEB93F3A2998BFE2001087B6 /* Resources */,
				CE0F15B02994025F00295B43 /* Info.plist */,
				CEB93F2D2996B541001087B6 /* Common */,
				CE39E1112986502F00E3C93D /* Model */,
				CE39E10D2984F69300E3C93D /* Networking */,
				CE858E822995426000F2FC42 /* View */,
				CEC6327C297EBB5E00D9011E /* talkbbokkiApp.swift */,
				CEC6327E297EBB5E00D9011E /* ContentView.swift */,
				CEC63282297EBB5F00D9011E /* talkbbokki.entitlements */,
				CEC63283297EBB5F00D9011E /* Preview Content */,
			);
			path = talkbbokki;
			sourceTree = "<group>";
		};
		CEC63283297EBB5F00D9011E /* Preview Content */ = {
			isa = PBXGroup;
			children = (
				CEC63284297EBB5F00D9011E /* Preview Assets.xcassets */,
			);
			path = "Preview Content";
			sourceTree = "<group>";
		};
		CEC6328D297EBB5F00D9011E /* talkbbokkiTests */ = {
			isa = PBXGroup;
			children = (
				CEC6328E297EBB5F00D9011E /* talkbbokkiTests.swift */,
			);
			path = talkbbokkiTests;
			sourceTree = "<group>";
		};
		CEC63297297EBB5F00D9011E /* talkbbokkiUITests */ = {
			isa = PBXGroup;
			children = (
				CEC63298297EBB5F00D9011E /* talkbbokkiUITests.swift */,
				CEC6329A297EBB5F00D9011E /* talkbbokkiUITestsLaunchTests.swift */,
			);
			path = talkbbokkiUITests;
			sourceTree = "<group>";
		};
		CED4EFFC29AD10A60063D3C6 /* Bookmark */ = {
			isa = PBXGroup;
			children = (
				CED4EFFD29AD10BC0063D3C6 /* BookmarkView.swift */,
				CED4EFFF29AD12CA0063D3C6 /* BookmarkReducer.swift */,
			);
			path = Bookmark;
			sourceTree = "<group>";
		};
		CEF3323D29AE295C001486DC /* FileUtil */ = {
			isa = PBXGroup;
			children = (
				CEF3323E29AE2970001486DC /* FileUtil.swift */,
			);
			path = FileUtil;
			sourceTree = "<group>";
		};
		CEFE376C2A0297C10098784E /* Menu */ = {
			isa = PBXGroup;
			children = (
				CEFE376D2A0297D30098784E /* MenuView.swift */,
				CEFE37712A02A65C0098784E /* MenuView+Extension.swift */,
			);
			path = Menu;
			sourceTree = "<group>";
		};
/* End PBXGroup section */

/* Begin PBXNativeTarget section */
		CEC63278297EBB5E00D9011E /* talkbbokki */ = {
			isa = PBXNativeTarget;
			buildConfigurationList = CEC6329E297EBB5F00D9011E /* Build configuration list for PBXNativeTarget "talkbbokki" */;
			buildPhases = (
				CEC63275297EBB5E00D9011E /* Sources */,
				CEC63276297EBB5E00D9011E /* Frameworks */,
				CEC63277297EBB5E00D9011E /* Resources */,
				CE7E034B29AB24A600486623 /* Run Script */,
			);
			buildRules = (
			);
			dependencies = (
			);
			name = talkbbokki;
			packageProductDependencies = (
				CEE72A902982B2820047403A /* Alamofire */,
				CEE72A932982B2C10047403A /* ComposableArchitecture */,
				CEA48CC829A270A300B39F84 /* Lottie */,
				CE618E0C29A3CB3600076F7E /* Introspect */,
				CEF1702329A525F000B5C624 /* GoogleMobileAds */,
				CE25830D29BB94B70005001F /* FirebaseAnalytics */,
				CE25830F29BB94B70005001F /* FirebaseAnalyticsOnDeviceConversion */,
				CE25831129BB94B70005001F /* FirebaseAnalyticsSwift */,
				CE25831329BB94B70005001F /* FirebaseAnalyticsWithoutAdIdSupport */,
				CE25831529BB94B70005001F /* FirebaseAppCheck */,
				CE25831729BB94B70005001F /* FirebaseAppDistribution-Beta */,
				CE25831929BB94B70005001F /* FirebaseAuth */,
				CE25831B29BB94B70005001F /* FirebaseAuthCombine-Community */,
				CE25831D29BB94B70005001F /* FirebaseCrashlytics */,
				CE25831F29BB94B70005001F /* FirebaseDatabase */,
				CE25832129BB94B70005001F /* FirebaseDatabaseSwift */,
				CE25832329BB94B70005001F /* FirebaseDynamicLinks */,
				CE25832529BB94B70005001F /* FirebaseFirestore */,
				CE25832729BB94B70005001F /* FirebaseFirestoreCombine-Community */,
				CE25832929BB94B70005001F /* FirebaseFirestoreSwift */,
				CE25832B29BB94B70005001F /* FirebaseFunctions */,
				CE25832D29BB94B70005001F /* FirebaseFunctionsCombine-Community */,
				CE25832F29BB94B70005001F /* FirebaseInAppMessaging-Beta */,
				CE25833129BB94B70005001F /* FirebaseInAppMessagingSwift-Beta */,
				CE25833329BB94B70005001F /* FirebaseInstallations */,
				CE25833529BB94B70005001F /* FirebaseMLModelDownloader */,
				CE25833729BB94B70005001F /* FirebaseMessaging */,
				CE25833929BB94B70005001F /* FirebasePerformance */,
				CE25833B29BB94B70005001F /* FirebaseRemoteConfig */,
				CE25833D29BB94B70005001F /* FirebaseRemoteConfigSwift */,
				CE25833F29BB94B70005001F /* FirebaseStorage */,
				CE25834129BB94B70005001F /* FirebaseStorageCombine-Community */,
			);
			productName = talkbbokki;
			productReference = CEC63279297EBB5E00D9011E /* talkbbokki.app */;
			productType = "com.apple.product-type.application";
		};
		CEC63289297EBB5F00D9011E /* talkbbokkiTests */ = {
			isa = PBXNativeTarget;
			buildConfigurationList = CEC632A1297EBB5F00D9011E /* Build configuration list for PBXNativeTarget "talkbbokkiTests" */;
			buildPhases = (
				CEC63286297EBB5F00D9011E /* Sources */,
				CEC63287297EBB5F00D9011E /* Frameworks */,
				CEC63288297EBB5F00D9011E /* Resources */,
			);
			buildRules = (
			);
			dependencies = (
				CEC6328C297EBB5F00D9011E /* PBXTargetDependency */,
			);
			name = talkbbokkiTests;
			productName = talkbbokkiTests;
			productReference = CEC6328A297EBB5F00D9011E /* talkbbokkiTests.xctest */;
			productType = "com.apple.product-type.bundle.unit-test";
		};
		CEC63293297EBB5F00D9011E /* talkbbokkiUITests */ = {
			isa = PBXNativeTarget;
			buildConfigurationList = CEC632A4297EBB5F00D9011E /* Build configuration list for PBXNativeTarget "talkbbokkiUITests" */;
			buildPhases = (
				CEC63290297EBB5F00D9011E /* Sources */,
				CEC63291297EBB5F00D9011E /* Frameworks */,
				CEC63292297EBB5F00D9011E /* Resources */,
			);
			buildRules = (
			);
			dependencies = (
				CEC63296297EBB5F00D9011E /* PBXTargetDependency */,
			);
			name = talkbbokkiUITests;
			productName = talkbbokkiUITests;
			productReference = CEC63294297EBB5F00D9011E /* talkbbokkiUITests.xctest */;
			productType = "com.apple.product-type.bundle.ui-testing";
		};
/* End PBXNativeTarget section */

/* Begin PBXProject section */
		CEC63271297EBB5E00D9011E /* Project object */ = {
			isa = PBXProject;
			attributes = {
				BuildIndependentTargetsInParallel = 1;
				LastSwiftUpdateCheck = 1410;
				LastUpgradeCheck = 1410;
				TargetAttributes = {
					CEC63278297EBB5E00D9011E = {
						CreatedOnToolsVersion = 14.1;
					};
					CEC63289297EBB5F00D9011E = {
						CreatedOnToolsVersion = 14.1;
						TestTargetID = CEC63278297EBB5E00D9011E;
					};
					CEC63293297EBB5F00D9011E = {
						CreatedOnToolsVersion = 14.1;
						TestTargetID = CEC63278297EBB5E00D9011E;
					};
				};
			};
			buildConfigurationList = CEC63274297EBB5E00D9011E /* Build configuration list for PBXProject "talkbbokki" */;
			compatibilityVersion = "Xcode 14.0";
			developmentRegion = en;
			hasScannedForEncodings = 0;
			knownRegions = (
				en,
				Base,
			);
			mainGroup = CEC63270297EBB5E00D9011E;
			packageReferences = (
				CEE72A8F2982B2820047403A /* XCRemoteSwiftPackageReference "Alamofire" */,
				CEE72A922982B2C10047403A /* XCRemoteSwiftPackageReference "swift-composable-architecture" */,
				CEA48CC729A270A300B39F84 /* XCRemoteSwiftPackageReference "lottie-ios" */,
				CE618E0B29A3CB3600076F7E /* XCRemoteSwiftPackageReference "SwiftUI-Introspect" */,
				CEF1702229A525F000B5C624 /* XCRemoteSwiftPackageReference "swift-package-manager-google-mobile-ads" */,
				CE25830C29BB94B70005001F /* XCRemoteSwiftPackageReference "firebase-ios-sdk" */,
			);
			productRefGroup = CEC6327A297EBB5E00D9011E /* Products */;
			projectDirPath = "";
			projectRoot = "";
			targets = (
				CEC63278297EBB5E00D9011E /* talkbbokki */,
				CEC63289297EBB5F00D9011E /* talkbbokkiTests */,
				CEC63293297EBB5F00D9011E /* talkbbokkiUITests */,
			);
		};
/* End PBXProject section */

/* Begin PBXResourcesBuildPhase section */
		CEC63277297EBB5E00D9011E /* Resources */ = {
			isa = PBXResourcesBuildPhase;
			buildActionMask = 2147483647;
			files = (
				CEEAAF1929A66B27006A2519 /* Splash_Final_Exceptlogo.json in Resources */,
				CE6EBF09299A88F100FA4DE1 /* Pretendard-ExtraLight.otf in Resources */,
				CE6EBF0A299A88F100FA4DE1 /* Pretendard-Medium.otf in Resources */,
				CEC63285297EBB5F00D9011E /* Preview Assets.xcassets in Resources */,
				CEF3323B29AE2505001486DC /* Splash_Final_ios.json in Resources */,
				CE6EBF03299A88F100FA4DE1 /* Pretendard-Bold.otf in Resources */,
				CE6EBF07299A88F100FA4DE1 /* Pretendard-Thin.otf in Resources */,
				CE64A500299BDE58004C4E8D /* GoogleService-Info.plist in Resources */,
				CE6EBF0B299A88F100FA4DE1 /* Pretendard-Light.otf in Resources */,
				CEA48CEA29A2840000B39F84 /* Onboarding_img_02_Final.json in Resources */,
				CE6EBF05299A88F100FA4DE1 /* Pretendard-SemiBold.otf in Resources */,
				CE6EBF04299A88F100FA4DE1 /* Pretendard-ExtraBold.otf in Resources */,
				CE6EBF08299A88F100FA4DE1 /* Pretendard-Regular.otf in Resources */,
				CE6EBF06299A88F100FA4DE1 /* Pretendard-Black.otf in Resources */,
				CEC63281297EBB5F00D9011E /* Assets.xcassets in Resources */,
			);
			runOnlyForDeploymentPostprocessing = 0;
		};
		CEC63288297EBB5F00D9011E /* Resources */ = {
			isa = PBXResourcesBuildPhase;
			buildActionMask = 2147483647;
			files = (
			);
			runOnlyForDeploymentPostprocessing = 0;
		};
		CEC63292297EBB5F00D9011E /* Resources */ = {
			isa = PBXResourcesBuildPhase;
			buildActionMask = 2147483647;
			files = (
			);
			runOnlyForDeploymentPostprocessing = 0;
		};
/* End PBXResourcesBuildPhase section */

/* Begin PBXShellScriptBuildPhase section */
		CE7E034B29AB24A600486623 /* Run Script */ = {
			isa = PBXShellScriptBuildPhase;
			buildActionMask = 2147483647;
			files = (
			);
			inputFileListPaths = (
			);
			inputPaths = (
			);
			name = "Run Script";
			outputFileListPaths = (
			);
			outputPaths = (
			);
			runOnlyForDeploymentPostprocessing = 0;
			shellPath = /bin/sh;
			shellScript = "# Type a script or drag a script file from your workspace to insert its path.\n\"${BUILD_DIR%Build/*}SourcePackages/checkouts/firebase-ios-sdk/Crashlytics/run\"\n";
		};
/* End PBXShellScriptBuildPhase section */

/* Begin PBXSourcesBuildPhase section */
		CEC63275297EBB5E00D9011E /* Sources */ = {
			isa = PBXSourcesBuildPhase;
			buildActionMask = 2147483647;
			files = (
				CEDD7B8629A676DF00EAE53B /* AdViewControllerRepresentable.swift in Sources */,
				CEB93F4F2998C080001087B6 /* Font+.swift in Sources */,
				CE618E0A29A3AA2900076F7E /* SuggestView.swift in Sources */,
				CE7634A92A04F601009B3CA0 /* AlignmentStackView.swift in Sources */,
				CEA39B462A0FD5F700E18D43 /* CommentView.swift in Sources */,
				CEB93F53299940DF001087B6 /* HapticManager.swift in Sources */,
				CE39E1152986504400E3C93D /* Model.swift in Sources */,
				CE858E852995427500F2FC42 /* CategoryView.swift in Sources */,
				CEA48CDB29A277BA00B39F84 /* UserDefault.Value.swift in Sources */,
				CEFE376E2A0297D30098784E /* MenuView.swift in Sources */,
				CE7E035329AB4ED600486623 /* Int+.swift in Sources */,
				CEA48CE429A27E2400B39F84 /* OnboardFirstView.swift in Sources */,
				CE088E562A460CA800E2B7E1 /* Task+.swift in Sources */,
				CECBD3C429FABA02007FA3F4 /* NicknameSettingReducer.swift in Sources */,
				CE9083DC2A4079A100B5B322 /* CommentListRepository.swift in Sources */,
				CE64A507299BE9D1004C4E8D /* AppDelegate.swift in Sources */,
				CED4F00029AD12CA0063D3C6 /* BookmarkReducer.swift in Sources */,
				CE7E035829AB542300486623 /* String+.swift in Sources */,
				CEF7CFB129A1115D005A7E6C /* AlertView.swift in Sources */,
				CEDD7B8429A6751D00EAE53B /* AdViewModel.swift in Sources */,
				CEF3323F29AE2970001486DC /* FileUtil.swift in Sources */,
				CEB93F3929980B3B001087B6 /* Array+.swift in Sources */,
				CEA48CE629A27E8A00B39F84 /* OnboardTitleView.swift in Sources */,
				CE618E1129A3D81B00076F7E /* Date+.swift in Sources */,
				CE39E1132986503900E3C93D /* Model.Topic.swift in Sources */,
				CE3DAC2F29F97865007C900D /* NicknameSettingView.swift in Sources */,
				CE498379299A9F25008A3968 /* Model.Order.swift in Sources */,
				CEA48CEC29A2875600B39F84 /* OnboardThirdView.swift in Sources */,
				CEC6327F297EBB5E00D9011E /* ContentView.swift in Sources */,
				CE39E1172986507F00E3C93D /* CardView.swift in Sources */,
				CE7E035129AB4B4900486623 /* CoreDataManager.swift in Sources */,
				CE7634AB2A04F620009B3CA0 /* CommonTextField.swift in Sources */,
				CE7634A22A04E3A0009B3CA0 /* CommentListView.swift in Sources */,
				CE49837D299AA68C008A3968 /* Color.swift in Sources */,
				CE0F15A62993F5FE00295B43 /* APIConfig+Request.swift in Sources */,
				CE0F15A02993BB5B00295B43 /* APIConfig.Error.swift in Sources */,
				CEA48CD829A2771D00B39F84 /* UserDefaultKey.swift in Sources */,
				CEA48CD529A276CB00B39F84 /* UserDefault.swift in Sources */,
				CE588A4029F97A77003EAEC2 /* OnboardFourthView.swift in Sources */,
				CE0F15A42993F5DD00295B43 /* APIConfig.Parameters.swift in Sources */,
				CEA39B4A2A0FF93C00E18D43 /* ActivityIndicatorView.swift in Sources */,
				CE1F2A5929BBA0A100028EF8 /* Utils.swift in Sources */,
				CE088E582A460DDC00E2B7E1 /* DetailCardRepository.swift in Sources */,
				CEA39B482A0FDB8100E18D43 /* Model.Comment.swift in Sources */,
				CE0F15A22993BBF000295B43 /* APIConfig+Error.swift in Sources */,
				CEF3324129AE3324001486DC /* CoreData.Topic.swift in Sources */,
				CEA48CE829A2837800B39F84 /* OnboardSecondView.swift in Sources */,
				CEB93F352997FD3F001087B6 /* DetailCardView.swift in Sources */,
				CEA48CCF29A272AC00B39F84 /* SplashView.swift in Sources */,
				CEAE6D0329D1B91700A00923 /* Log.swift in Sources */,
				CE7634A42A04E3AD009B3CA0 /* CommentListReducer.swift in Sources */,
				CEA48CCB29A271AE00B39F84 /* LottieView.swift in Sources */,
				CE7634A62A04E778009B3CA0 /* NavigationBarModifier.swift in Sources */,
				CE0F15AB2993FD2800295B43 /* API.swift in Sources */,
				CEB93F322997F776001087B6 /* ConfirmButtonView.swift in Sources */,
				CEAE6D0529D1B93F00A00923 /* Log.Firebase.swift in Sources */,
				CE7E035629AB538800486623 /* ToastView.swift in Sources */,
				CE39E119298650BB00E3C93D /* CardListView.swift in Sources */,
				CEA48CEE29A295DA00B39F84 /* AcitivityViewController.swift in Sources */,
				CED4EFFE29AD10BC0063D3C6 /* BookmarkView.swift in Sources */,
				CECDA3E42A4B02AD002CF0C8 /* BannerView.swift in Sources */,
				CEC6327D297EBB5E00D9011E /* talkbbokkiApp.swift in Sources */,
				CE7E034F29AB44D700486623 /* Topic.xcdatamodeld in Sources */,
				CEB93F2F2996B54A001087B6 /* Optional+.swift in Sources */,
				CEA48CF029A2A31800B39F84 /* EmoticonAlert.swift in Sources */,
				CEFE37742A02AA280098784E /* AnyTransition+.swift in Sources */,
				CECBD3C629FD7E70007FA3F4 /* Combine+.swift in Sources */,
				CEB93F37299801FB001087B6 /* View+.swift in Sources */,
				CEA48CE029A27AA800B39F84 /* OnboardView.swift in Sources */,
				CE498377299A9DCB008A3968 /* DetailCardReducer.swift in Sources */,
				CEB93F512998CA32001087B6 /* CardListReducer.swift in Sources */,
				CE0F159D2993B9B000295B43 /* APIConfig.swift in Sources */,
				CE44AEDB29B8C85A002004B3 /* NavigationBar.swift in Sources */,
				CE7E034A29A9DBC500486623 /* SavePhotoView.swift in Sources */,
				CE0F15A92993FC6C00295B43 /* Domain.Talkbbokki.swift in Sources */,
				CEF3324329AE332C001486DC /* CoreData.Category.swift in Sources */,
				CE0F15AD2993FD8F00295B43 /* Talkbbokki.Error.swift in Sources */,
				CEFE37722A02A65C0098784E /* MenuView+Extension.swift in Sources */,
				CE858E872995468D00F2FC42 /* CategoryReducer.swift in Sources */,
				CE0F15AF2994007300295B43 /* Model.Category.swift in Sources */,
			);
			runOnlyForDeploymentPostprocessing = 0;
		};
		CEC63286297EBB5F00D9011E /* Sources */ = {
			isa = PBXSourcesBuildPhase;
			buildActionMask = 2147483647;
			files = (
				CEC6328F297EBB5F00D9011E /* talkbbokkiTests.swift in Sources */,
			);
			runOnlyForDeploymentPostprocessing = 0;
		};
		CEC63290297EBB5F00D9011E /* Sources */ = {
			isa = PBXSourcesBuildPhase;
			buildActionMask = 2147483647;
			files = (
				CEC6329B297EBB5F00D9011E /* talkbbokkiUITestsLaunchTests.swift in Sources */,
				CEC63299297EBB5F00D9011E /* talkbbokkiUITests.swift in Sources */,
			);
			runOnlyForDeploymentPostprocessing = 0;
		};
/* End PBXSourcesBuildPhase section */

/* Begin PBXTargetDependency section */
		CEC6328C297EBB5F00D9011E /* PBXTargetDependency */ = {
			isa = PBXTargetDependency;
			target = CEC63278297EBB5E00D9011E /* talkbbokki */;
			targetProxy = CEC6328B297EBB5F00D9011E /* PBXContainerItemProxy */;
		};
		CEC63296297EBB5F00D9011E /* PBXTargetDependency */ = {
			isa = PBXTargetDependency;
			target = CEC63278297EBB5E00D9011E /* talkbbokki */;
			targetProxy = CEC63295297EBB5F00D9011E /* PBXContainerItemProxy */;
		};
/* End PBXTargetDependency section */

/* Begin XCBuildConfiguration section */
		CEC6329C297EBB5F00D9011E /* Debug */ = {
			isa = XCBuildConfiguration;
			buildSettings = {
				ALWAYS_SEARCH_USER_PATHS = NO;
				CLANG_ANALYZER_NONNULL = YES;
				CLANG_ANALYZER_NUMBER_OBJECT_CONVERSION = YES_AGGRESSIVE;
				CLANG_CXX_LANGUAGE_STANDARD = "gnu++20";
				CLANG_ENABLE_MODULES = YES;
				CLANG_ENABLE_OBJC_ARC = YES;
				CLANG_ENABLE_OBJC_WEAK = YES;
				CLANG_WARN_BLOCK_CAPTURE_AUTORELEASING = YES;
				CLANG_WARN_BOOL_CONVERSION = YES;
				CLANG_WARN_COMMA = YES;
				CLANG_WARN_CONSTANT_CONVERSION = YES;
				CLANG_WARN_DEPRECATED_OBJC_IMPLEMENTATIONS = YES;
				CLANG_WARN_DIRECT_OBJC_ISA_USAGE = YES_ERROR;
				CLANG_WARN_DOCUMENTATION_COMMENTS = YES;
				CLANG_WARN_EMPTY_BODY = YES;
				CLANG_WARN_ENUM_CONVERSION = YES;
				CLANG_WARN_INFINITE_RECURSION = YES;
				CLANG_WARN_INT_CONVERSION = YES;
				CLANG_WARN_NON_LITERAL_NULL_CONVERSION = YES;
				CLANG_WARN_OBJC_IMPLICIT_RETAIN_SELF = YES;
				CLANG_WARN_OBJC_LITERAL_CONVERSION = YES;
				CLANG_WARN_OBJC_ROOT_CLASS = YES_ERROR;
				CLANG_WARN_QUOTED_INCLUDE_IN_FRAMEWORK_HEADER = YES;
				CLANG_WARN_RANGE_LOOP_ANALYSIS = YES;
				CLANG_WARN_STRICT_PROTOTYPES = YES;
				CLANG_WARN_SUSPICIOUS_MOVE = YES;
				CLANG_WARN_UNGUARDED_AVAILABILITY = YES_AGGRESSIVE;
				CLANG_WARN_UNREACHABLE_CODE = YES;
				CLANG_WARN__DUPLICATE_METHOD_MATCH = YES;
				COPY_PHASE_STRIP = NO;
				DEBUG_INFORMATION_FORMAT = dwarf;
				ENABLE_STRICT_OBJC_MSGSEND = YES;
				ENABLE_TESTABILITY = YES;
				GCC_C_LANGUAGE_STANDARD = gnu11;
				GCC_DYNAMIC_NO_PIC = NO;
				GCC_NO_COMMON_BLOCKS = YES;
				GCC_OPTIMIZATION_LEVEL = 0;
				GCC_PREPROCESSOR_DEFINITIONS = (
					"DEBUG=1",
					"$(inherited)",
				);
				GCC_WARN_64_TO_32_BIT_CONVERSION = YES;
				GCC_WARN_ABOUT_RETURN_TYPE = YES_ERROR;
				GCC_WARN_UNDECLARED_SELECTOR = YES;
				GCC_WARN_UNINITIALIZED_AUTOS = YES_AGGRESSIVE;
				GCC_WARN_UNUSED_FUNCTION = YES;
				GCC_WARN_UNUSED_VARIABLE = YES;
				IPHONEOS_DEPLOYMENT_TARGET = 14.0;
				MTL_ENABLE_DEBUG_INFO = INCLUDE_SOURCE;
				MTL_FAST_MATH = YES;
				ONLY_ACTIVE_ARCH = YES;
				SWIFT_ACTIVE_COMPILATION_CONDITIONS = DEBUG;
				SWIFT_OPTIMIZATION_LEVEL = "-Onone";
			};
			name = Debug;
		};
		CEC6329D297EBB5F00D9011E /* Release */ = {
			isa = XCBuildConfiguration;
			buildSettings = {
				ALWAYS_SEARCH_USER_PATHS = NO;
				CLANG_ANALYZER_NONNULL = YES;
				CLANG_ANALYZER_NUMBER_OBJECT_CONVERSION = YES_AGGRESSIVE;
				CLANG_CXX_LANGUAGE_STANDARD = "gnu++20";
				CLANG_ENABLE_MODULES = YES;
				CLANG_ENABLE_OBJC_ARC = YES;
				CLANG_ENABLE_OBJC_WEAK = YES;
				CLANG_WARN_BLOCK_CAPTURE_AUTORELEASING = YES;
				CLANG_WARN_BOOL_CONVERSION = YES;
				CLANG_WARN_COMMA = YES;
				CLANG_WARN_CONSTANT_CONVERSION = YES;
				CLANG_WARN_DEPRECATED_OBJC_IMPLEMENTATIONS = YES;
				CLANG_WARN_DIRECT_OBJC_ISA_USAGE = YES_ERROR;
				CLANG_WARN_DOCUMENTATION_COMMENTS = YES;
				CLANG_WARN_EMPTY_BODY = YES;
				CLANG_WARN_ENUM_CONVERSION = YES;
				CLANG_WARN_INFINITE_RECURSION = YES;
				CLANG_WARN_INT_CONVERSION = YES;
				CLANG_WARN_NON_LITERAL_NULL_CONVERSION = YES;
				CLANG_WARN_OBJC_IMPLICIT_RETAIN_SELF = YES;
				CLANG_WARN_OBJC_LITERAL_CONVERSION = YES;
				CLANG_WARN_OBJC_ROOT_CLASS = YES_ERROR;
				CLANG_WARN_QUOTED_INCLUDE_IN_FRAMEWORK_HEADER = YES;
				CLANG_WARN_RANGE_LOOP_ANALYSIS = YES;
				CLANG_WARN_STRICT_PROTOTYPES = YES;
				CLANG_WARN_SUSPICIOUS_MOVE = YES;
				CLANG_WARN_UNGUARDED_AVAILABILITY = YES_AGGRESSIVE;
				CLANG_WARN_UNREACHABLE_CODE = YES;
				CLANG_WARN__DUPLICATE_METHOD_MATCH = YES;
				COPY_PHASE_STRIP = NO;
				DEBUG_INFORMATION_FORMAT = "dwarf-with-dsym";
				ENABLE_NS_ASSERTIONS = NO;
				ENABLE_STRICT_OBJC_MSGSEND = YES;
				GCC_C_LANGUAGE_STANDARD = gnu11;
				GCC_NO_COMMON_BLOCKS = YES;
				GCC_WARN_64_TO_32_BIT_CONVERSION = YES;
				GCC_WARN_ABOUT_RETURN_TYPE = YES_ERROR;
				GCC_WARN_UNDECLARED_SELECTOR = YES;
				GCC_WARN_UNINITIALIZED_AUTOS = YES_AGGRESSIVE;
				GCC_WARN_UNUSED_FUNCTION = YES;
				GCC_WARN_UNUSED_VARIABLE = YES;
				IPHONEOS_DEPLOYMENT_TARGET = 14.0;
				MTL_ENABLE_DEBUG_INFO = NO;
				MTL_FAST_MATH = YES;
				SWIFT_COMPILATION_MODE = wholemodule;
				SWIFT_OPTIMIZATION_LEVEL = "-O";
			};
			name = Release;
		};
		CEC6329F297EBB5F00D9011E /* Debug */ = {
			isa = XCBuildConfiguration;
			buildSettings = {
				ASSETCATALOG_COMPILER_APPICON_NAME = AppIcon;
				ASSETCATALOG_COMPILER_GLOBAL_ACCENT_COLOR_NAME = AccentColor;
				CODE_SIGN_ENTITLEMENTS = talkbbokki/talkbbokki.entitlements;
				CODE_SIGN_IDENTITY = "Apple Development";
				CODE_SIGN_STYLE = Automatic;
				CURRENT_PROJECT_VERSION = 1;
				DEVELOPMENT_ASSET_PATHS = "\"talkbbokki/Preview Content\"";
				DEVELOPMENT_TEAM = 594TR8CRP9;
				ENABLE_PREVIEWS = YES;
				GENERATE_INFOPLIST_FILE = YES;
				INFOPLIST_FILE = talkbbokki/Info.plist;
				INFOPLIST_KEY_CFBundleDisplayName = "톡뽀끼";
				INFOPLIST_KEY_NSPhotoLibraryAddUsageDescription = "대화 토픽을 사진으로 저장";
				"INFOPLIST_KEY_UIApplicationSceneManifest_Generation[sdk=iphoneos*]" = YES;
				"INFOPLIST_KEY_UIApplicationSceneManifest_Generation[sdk=iphonesimulator*]" = YES;
				"INFOPLIST_KEY_UIApplicationSupportsIndirectInputEvents[sdk=iphoneos*]" = YES;
				"INFOPLIST_KEY_UIApplicationSupportsIndirectInputEvents[sdk=iphonesimulator*]" = YES;
				"INFOPLIST_KEY_UILaunchScreen_Generation[sdk=iphoneos*]" = YES;
				"INFOPLIST_KEY_UILaunchScreen_Generation[sdk=iphonesimulator*]" = YES;
				INFOPLIST_KEY_UIStatusBarStyle = UIStatusBarStyleDarkContent;
				"INFOPLIST_KEY_UIStatusBarStyle[sdk=iphoneos*]" = UIStatusBarStyleDefault;
				"INFOPLIST_KEY_UIStatusBarStyle[sdk=iphonesimulator*]" = UIStatusBarStyleDefault;
				INFOPLIST_KEY_UISupportedInterfaceOrientations = UIInterfaceOrientationPortrait;
				INFOPLIST_KEY_UISupportedInterfaceOrientations_iPad = "UIInterfaceOrientationLandscapeLeft UIInterfaceOrientationLandscapeRight UIInterfaceOrientationPortrait UIInterfaceOrientationPortraitUpsideDown";
				IPHONEOS_DEPLOYMENT_TARGET = 14.0;
				LD_RUNPATH_SEARCH_PATHS = "@executable_path/Frameworks";
				"LD_RUNPATH_SEARCH_PATHS[sdk=macosx*]" = "@executable_path/../Frameworks";
				MACOSX_DEPLOYMENT_TARGET = 12.5;
				MARKETING_VERSION = 1.0.12;
				OTHER_LDFLAGS = "-Objc";
				PRODUCT_BUNDLE_IDENTIFIER = gabriel.jhh.talkbbokki;
				PRODUCT_NAME = "$(TARGET_NAME)";
				PROVISIONING_PROFILE_SPECIFIER = "";
				SDKROOT = auto;
				SUPPORTED_PLATFORMS = "iphoneos iphonesimulator";
				SUPPORTS_MACCATALYST = NO;
				SUPPORTS_MAC_DESIGNED_FOR_IPHONE_IPAD = NO;
				SWIFT_EMIT_LOC_STRINGS = YES;
				SWIFT_VERSION = 5.0;
				TARGETED_DEVICE_FAMILY = 1;
			};
			name = Debug;
		};
		CEC632A0297EBB5F00D9011E /* Release */ = {
			isa = XCBuildConfiguration;
			buildSettings = {
				ASSETCATALOG_COMPILER_APPICON_NAME = AppIcon;
				ASSETCATALOG_COMPILER_GLOBAL_ACCENT_COLOR_NAME = AccentColor;
				CODE_SIGN_ENTITLEMENTS = talkbbokki/talkbbokkiRelease.entitlements;
				CODE_SIGN_IDENTITY = "Apple Development";
				"CODE_SIGN_IDENTITY[sdk=iphoneos*]" = "iPhone Distribution";
				CODE_SIGN_STYLE = Manual;
				CURRENT_PROJECT_VERSION = 1;
				DEVELOPMENT_ASSET_PATHS = "\"talkbbokki/Preview Content\"";
				DEVELOPMENT_TEAM = "";
				"DEVELOPMENT_TEAM[sdk=iphoneos*]" = 594TR8CRP9;
				ENABLE_PREVIEWS = YES;
				GENERATE_INFOPLIST_FILE = YES;
				INFOPLIST_FILE = talkbbokki/Info.plist;
				INFOPLIST_KEY_CFBundleDisplayName = "톡뽀끼";
				INFOPLIST_KEY_NSPhotoLibraryAddUsageDescription = "대화 토픽을 사진으로 저장";
				"INFOPLIST_KEY_UIApplicationSceneManifest_Generation[sdk=iphoneos*]" = YES;
				"INFOPLIST_KEY_UIApplicationSceneManifest_Generation[sdk=iphonesimulator*]" = YES;
				"INFOPLIST_KEY_UIApplicationSupportsIndirectInputEvents[sdk=iphoneos*]" = YES;
				"INFOPLIST_KEY_UIApplicationSupportsIndirectInputEvents[sdk=iphonesimulator*]" = YES;
				"INFOPLIST_KEY_UILaunchScreen_Generation[sdk=iphoneos*]" = YES;
				"INFOPLIST_KEY_UILaunchScreen_Generation[sdk=iphonesimulator*]" = YES;
				INFOPLIST_KEY_UIStatusBarStyle = UIStatusBarStyleDarkContent;
				"INFOPLIST_KEY_UIStatusBarStyle[sdk=iphoneos*]" = UIStatusBarStyleDefault;
				"INFOPLIST_KEY_UIStatusBarStyle[sdk=iphonesimulator*]" = UIStatusBarStyleDefault;
				INFOPLIST_KEY_UISupportedInterfaceOrientations = UIInterfaceOrientationPortrait;
				INFOPLIST_KEY_UISupportedInterfaceOrientations_iPad = "UIInterfaceOrientationLandscapeLeft UIInterfaceOrientationLandscapeRight UIInterfaceOrientationPortrait UIInterfaceOrientationPortraitUpsideDown";
				IPHONEOS_DEPLOYMENT_TARGET = 14.0;
				LD_RUNPATH_SEARCH_PATHS = "@executable_path/Frameworks";
				"LD_RUNPATH_SEARCH_PATHS[sdk=macosx*]" = "@executable_path/../Frameworks";
				MACOSX_DEPLOYMENT_TARGET = 12.5;
				MARKETING_VERSION = 1.0.12;
				OTHER_LDFLAGS = "-Objc";
				PRODUCT_BUNDLE_IDENTIFIER = gabriel.jhh.talkbbokki;
				PRODUCT_NAME = "$(TARGET_NAME)";
				PROVISIONING_PROFILE_SPECIFIER = "";
				"PROVISIONING_PROFILE_SPECIFIER[sdk=iphoneos*]" = talkbbokki_distribution;
				SDKROOT = auto;
				SUPPORTED_PLATFORMS = "iphoneos iphonesimulator";
				SUPPORTS_MACCATALYST = NO;
				SUPPORTS_MAC_DESIGNED_FOR_IPHONE_IPAD = NO;
				SWIFT_EMIT_LOC_STRINGS = YES;
				SWIFT_VERSION = 5.0;
				TARGETED_DEVICE_FAMILY = 1;
			};
			name = Release;
		};
		CEC632A2297EBB5F00D9011E /* Debug */ = {
			isa = XCBuildConfiguration;
			buildSettings = {
				ALWAYS_EMBED_SWIFT_STANDARD_LIBRARIES = YES;
				BUNDLE_LOADER = "$(TEST_HOST)";
				CODE_SIGN_STYLE = Automatic;
				CURRENT_PROJECT_VERSION = 1;
				GENERATE_INFOPLIST_FILE = YES;
				IPHONEOS_DEPLOYMENT_TARGET = 16.1;
				MACOSX_DEPLOYMENT_TARGET = 12.5;
				MARKETING_VERSION = 1.0;
				PRODUCT_BUNDLE_IDENTIFIER = gabriel.jhh.talkbbokkiTests;
				PRODUCT_NAME = "$(TARGET_NAME)";
				SDKROOT = auto;
				SUPPORTED_PLATFORMS = "iphoneos iphonesimulator macosx";
				SWIFT_EMIT_LOC_STRINGS = NO;
				SWIFT_VERSION = 5.0;
				TARGETED_DEVICE_FAMILY = "1,2";
				TEST_HOST = "$(BUILT_PRODUCTS_DIR)/talkbbokki.app/$(BUNDLE_EXECUTABLE_FOLDER_PATH)/talkbbokki";
			};
			name = Debug;
		};
		CEC632A3297EBB5F00D9011E /* Release */ = {
			isa = XCBuildConfiguration;
			buildSettings = {
				ALWAYS_EMBED_SWIFT_STANDARD_LIBRARIES = YES;
				BUNDLE_LOADER = "$(TEST_HOST)";
				CODE_SIGN_STYLE = Automatic;
				CURRENT_PROJECT_VERSION = 1;
				GENERATE_INFOPLIST_FILE = YES;
				IPHONEOS_DEPLOYMENT_TARGET = 16.1;
				MACOSX_DEPLOYMENT_TARGET = 12.5;
				MARKETING_VERSION = 1.0;
				PRODUCT_BUNDLE_IDENTIFIER = gabriel.jhh.talkbbokkiTests;
				PRODUCT_NAME = "$(TARGET_NAME)";
				SDKROOT = auto;
				SUPPORTED_PLATFORMS = "iphoneos iphonesimulator macosx";
				SWIFT_EMIT_LOC_STRINGS = NO;
				SWIFT_VERSION = 5.0;
				TARGETED_DEVICE_FAMILY = "1,2";
				TEST_HOST = "$(BUILT_PRODUCTS_DIR)/talkbbokki.app/$(BUNDLE_EXECUTABLE_FOLDER_PATH)/talkbbokki";
			};
			name = Release;
		};
		CEC632A5297EBB5F00D9011E /* Debug */ = {
			isa = XCBuildConfiguration;
			buildSettings = {
				ALWAYS_EMBED_SWIFT_STANDARD_LIBRARIES = YES;
				CODE_SIGN_STYLE = Automatic;
				CURRENT_PROJECT_VERSION = 1;
				GENERATE_INFOPLIST_FILE = YES;
				IPHONEOS_DEPLOYMENT_TARGET = 16.1;
				MACOSX_DEPLOYMENT_TARGET = 12.5;
				MARKETING_VERSION = 1.0;
				PRODUCT_BUNDLE_IDENTIFIER = gabriel.jhh.talkbbokkiUITests;
				PRODUCT_NAME = "$(TARGET_NAME)";
				SDKROOT = auto;
				SUPPORTED_PLATFORMS = "iphoneos iphonesimulator macosx";
				SWIFT_EMIT_LOC_STRINGS = NO;
				SWIFT_VERSION = 5.0;
				TARGETED_DEVICE_FAMILY = "1,2";
				TEST_TARGET_NAME = talkbbokki;
			};
			name = Debug;
		};
		CEC632A6297EBB5F00D9011E /* Release */ = {
			isa = XCBuildConfiguration;
			buildSettings = {
				ALWAYS_EMBED_SWIFT_STANDARD_LIBRARIES = YES;
				CODE_SIGN_STYLE = Automatic;
				CURRENT_PROJECT_VERSION = 1;
				GENERATE_INFOPLIST_FILE = YES;
				IPHONEOS_DEPLOYMENT_TARGET = 16.1;
				MACOSX_DEPLOYMENT_TARGET = 12.5;
				MARKETING_VERSION = 1.0;
				PRODUCT_BUNDLE_IDENTIFIER = gabriel.jhh.talkbbokkiUITests;
				PRODUCT_NAME = "$(TARGET_NAME)";
				SDKROOT = auto;
				SUPPORTED_PLATFORMS = "iphoneos iphonesimulator macosx";
				SWIFT_EMIT_LOC_STRINGS = NO;
				SWIFT_VERSION = 5.0;
				TARGETED_DEVICE_FAMILY = "1,2";
				TEST_TARGET_NAME = talkbbokki;
			};
			name = Release;
		};
/* End XCBuildConfiguration section */

/* Begin XCConfigurationList section */
		CEC63274297EBB5E00D9011E /* Build configuration list for PBXProject "talkbbokki" */ = {
			isa = XCConfigurationList;
			buildConfigurations = (
				CEC6329C297EBB5F00D9011E /* Debug */,
				CEC6329D297EBB5F00D9011E /* Release */,
			);
			defaultConfigurationIsVisible = 0;
			defaultConfigurationName = Release;
		};
		CEC6329E297EBB5F00D9011E /* Build configuration list for PBXNativeTarget "talkbbokki" */ = {
			isa = XCConfigurationList;
			buildConfigurations = (
				CEC6329F297EBB5F00D9011E /* Debug */,
				CEC632A0297EBB5F00D9011E /* Release */,
			);
			defaultConfigurationIsVisible = 0;
			defaultConfigurationName = Release;
		};
		CEC632A1297EBB5F00D9011E /* Build configuration list for PBXNativeTarget "talkbbokkiTests" */ = {
			isa = XCConfigurationList;
			buildConfigurations = (
				CEC632A2297EBB5F00D9011E /* Debug */,
				CEC632A3297EBB5F00D9011E /* Release */,
			);
			defaultConfigurationIsVisible = 0;
			defaultConfigurationName = Release;
		};
		CEC632A4297EBB5F00D9011E /* Build configuration list for PBXNativeTarget "talkbbokkiUITests" */ = {
			isa = XCConfigurationList;
			buildConfigurations = (
				CEC632A5297EBB5F00D9011E /* Debug */,
				CEC632A6297EBB5F00D9011E /* Release */,
			);
			defaultConfigurationIsVisible = 0;
			defaultConfigurationName = Release;
		};
/* End XCConfigurationList section */

/* Begin XCRemoteSwiftPackageReference section */
		CE25830C29BB94B70005001F /* XCRemoteSwiftPackageReference "firebase-ios-sdk" */ = {
			isa = XCRemoteSwiftPackageReference;
			repositoryURL = "https://github.com/firebase/firebase-ios-sdk";
			requirement = {
				kind = upToNextMajorVersion;
				minimumVersion = 9.0.0;
			};
		};
		CE618E0B29A3CB3600076F7E /* XCRemoteSwiftPackageReference "SwiftUI-Introspect" */ = {
			isa = XCRemoteSwiftPackageReference;
			repositoryURL = "https://github.com/siteline/SwiftUI-Introspect.git";
			requirement = {
				kind = upToNextMajorVersion;
				minimumVersion = 0.2.3;
			};
		};
		CEA48CC729A270A300B39F84 /* XCRemoteSwiftPackageReference "lottie-ios" */ = {
			isa = XCRemoteSwiftPackageReference;
			repositoryURL = "https://github.com/airbnb/lottie-ios";
			requirement = {
				kind = upToNextMajorVersion;
				minimumVersion = 4.0.0;
			};
		};
		CEE72A8F2982B2820047403A /* XCRemoteSwiftPackageReference "Alamofire" */ = {
			isa = XCRemoteSwiftPackageReference;
			repositoryURL = "https://github.com/Alamofire/Alamofire.git";
			requirement = {
				kind = upToNextMajorVersion;
				minimumVersion = 5.0.0;
			};
		};
		CEE72A922982B2C10047403A /* XCRemoteSwiftPackageReference "swift-composable-architecture" */ = {
			isa = XCRemoteSwiftPackageReference;
			repositoryURL = "https://github.com/pointfreeco/swift-composable-architecture";
			requirement = {
				kind = upToNextMajorVersion;
				minimumVersion = 0.9.0;
			};
		};
		CEF1702229A525F000B5C624 /* XCRemoteSwiftPackageReference "swift-package-manager-google-mobile-ads" */ = {
			isa = XCRemoteSwiftPackageReference;
			repositoryURL = "https://github.com/googleads/swift-package-manager-google-mobile-ads.git";
			requirement = {
				kind = upToNextMajorVersion;
				minimumVersion = 9.0.0;
			};
		};
/* End XCRemoteSwiftPackageReference section */

/* Begin XCSwiftPackageProductDependency section */
		CE25830D29BB94B70005001F /* FirebaseAnalytics */ = {
			isa = XCSwiftPackageProductDependency;
			package = CE25830C29BB94B70005001F /* XCRemoteSwiftPackageReference "firebase-ios-sdk" */;
			productName = FirebaseAnalytics;
		};
		CE25830F29BB94B70005001F /* FirebaseAnalyticsOnDeviceConversion */ = {
			isa = XCSwiftPackageProductDependency;
			package = CE25830C29BB94B70005001F /* XCRemoteSwiftPackageReference "firebase-ios-sdk" */;
			productName = FirebaseAnalyticsOnDeviceConversion;
		};
		CE25831129BB94B70005001F /* FirebaseAnalyticsSwift */ = {
			isa = XCSwiftPackageProductDependency;
			package = CE25830C29BB94B70005001F /* XCRemoteSwiftPackageReference "firebase-ios-sdk" */;
			productName = FirebaseAnalyticsSwift;
		};
		CE25831329BB94B70005001F /* FirebaseAnalyticsWithoutAdIdSupport */ = {
			isa = XCSwiftPackageProductDependency;
			package = CE25830C29BB94B70005001F /* XCRemoteSwiftPackageReference "firebase-ios-sdk" */;
			productName = FirebaseAnalyticsWithoutAdIdSupport;
		};
		CE25831529BB94B70005001F /* FirebaseAppCheck */ = {
			isa = XCSwiftPackageProductDependency;
			package = CE25830C29BB94B70005001F /* XCRemoteSwiftPackageReference "firebase-ios-sdk" */;
			productName = FirebaseAppCheck;
		};
		CE25831729BB94B70005001F /* FirebaseAppDistribution-Beta */ = {
			isa = XCSwiftPackageProductDependency;
			package = CE25830C29BB94B70005001F /* XCRemoteSwiftPackageReference "firebase-ios-sdk" */;
			productName = "FirebaseAppDistribution-Beta";
		};
		CE25831929BB94B70005001F /* FirebaseAuth */ = {
			isa = XCSwiftPackageProductDependency;
			package = CE25830C29BB94B70005001F /* XCRemoteSwiftPackageReference "firebase-ios-sdk" */;
			productName = FirebaseAuth;
		};
		CE25831B29BB94B70005001F /* FirebaseAuthCombine-Community */ = {
			isa = XCSwiftPackageProductDependency;
			package = CE25830C29BB94B70005001F /* XCRemoteSwiftPackageReference "firebase-ios-sdk" */;
			productName = "FirebaseAuthCombine-Community";
		};
		CE25831D29BB94B70005001F /* FirebaseCrashlytics */ = {
			isa = XCSwiftPackageProductDependency;
			package = CE25830C29BB94B70005001F /* XCRemoteSwiftPackageReference "firebase-ios-sdk" */;
			productName = FirebaseCrashlytics;
		};
		CE25831F29BB94B70005001F /* FirebaseDatabase */ = {
			isa = XCSwiftPackageProductDependency;
			package = CE25830C29BB94B70005001F /* XCRemoteSwiftPackageReference "firebase-ios-sdk" */;
			productName = FirebaseDatabase;
		};
		CE25832129BB94B70005001F /* FirebaseDatabaseSwift */ = {
			isa = XCSwiftPackageProductDependency;
			package = CE25830C29BB94B70005001F /* XCRemoteSwiftPackageReference "firebase-ios-sdk" */;
			productName = FirebaseDatabaseSwift;
		};
		CE25832329BB94B70005001F /* FirebaseDynamicLinks */ = {
			isa = XCSwiftPackageProductDependency;
			package = CE25830C29BB94B70005001F /* XCRemoteSwiftPackageReference "firebase-ios-sdk" */;
			productName = FirebaseDynamicLinks;
		};
		CE25832529BB94B70005001F /* FirebaseFirestore */ = {
			isa = XCSwiftPackageProductDependency;
			package = CE25830C29BB94B70005001F /* XCRemoteSwiftPackageReference "firebase-ios-sdk" */;
			productName = FirebaseFirestore;
		};
		CE25832729BB94B70005001F /* FirebaseFirestoreCombine-Community */ = {
			isa = XCSwiftPackageProductDependency;
			package = CE25830C29BB94B70005001F /* XCRemoteSwiftPackageReference "firebase-ios-sdk" */;
			productName = "FirebaseFirestoreCombine-Community";
		};
		CE25832929BB94B70005001F /* FirebaseFirestoreSwift */ = {
			isa = XCSwiftPackageProductDependency;
			package = CE25830C29BB94B70005001F /* XCRemoteSwiftPackageReference "firebase-ios-sdk" */;
			productName = FirebaseFirestoreSwift;
		};
		CE25832B29BB94B70005001F /* FirebaseFunctions */ = {
			isa = XCSwiftPackageProductDependency;
			package = CE25830C29BB94B70005001F /* XCRemoteSwiftPackageReference "firebase-ios-sdk" */;
			productName = FirebaseFunctions;
		};
		CE25832D29BB94B70005001F /* FirebaseFunctionsCombine-Community */ = {
			isa = XCSwiftPackageProductDependency;
			package = CE25830C29BB94B70005001F /* XCRemoteSwiftPackageReference "firebase-ios-sdk" */;
			productName = "FirebaseFunctionsCombine-Community";
		};
		CE25832F29BB94B70005001F /* FirebaseInAppMessaging-Beta */ = {
			isa = XCSwiftPackageProductDependency;
			package = CE25830C29BB94B70005001F /* XCRemoteSwiftPackageReference "firebase-ios-sdk" */;
			productName = "FirebaseInAppMessaging-Beta";
		};
		CE25833129BB94B70005001F /* FirebaseInAppMessagingSwift-Beta */ = {
			isa = XCSwiftPackageProductDependency;
			package = CE25830C29BB94B70005001F /* XCRemoteSwiftPackageReference "firebase-ios-sdk" */;
			productName = "FirebaseInAppMessagingSwift-Beta";
		};
		CE25833329BB94B70005001F /* FirebaseInstallations */ = {
			isa = XCSwiftPackageProductDependency;
			package = CE25830C29BB94B70005001F /* XCRemoteSwiftPackageReference "firebase-ios-sdk" */;
			productName = FirebaseInstallations;
		};
		CE25833529BB94B70005001F /* FirebaseMLModelDownloader */ = {
			isa = XCSwiftPackageProductDependency;
			package = CE25830C29BB94B70005001F /* XCRemoteSwiftPackageReference "firebase-ios-sdk" */;
			productName = FirebaseMLModelDownloader;
		};
		CE25833729BB94B70005001F /* FirebaseMessaging */ = {
			isa = XCSwiftPackageProductDependency;
			package = CE25830C29BB94B70005001F /* XCRemoteSwiftPackageReference "firebase-ios-sdk" */;
			productName = FirebaseMessaging;
		};
		CE25833929BB94B70005001F /* FirebasePerformance */ = {
			isa = XCSwiftPackageProductDependency;
			package = CE25830C29BB94B70005001F /* XCRemoteSwiftPackageReference "firebase-ios-sdk" */;
			productName = FirebasePerformance;
		};
		CE25833B29BB94B70005001F /* FirebaseRemoteConfig */ = {
			isa = XCSwiftPackageProductDependency;
			package = CE25830C29BB94B70005001F /* XCRemoteSwiftPackageReference "firebase-ios-sdk" */;
			productName = FirebaseRemoteConfig;
		};
		CE25833D29BB94B70005001F /* FirebaseRemoteConfigSwift */ = {
			isa = XCSwiftPackageProductDependency;
			package = CE25830C29BB94B70005001F /* XCRemoteSwiftPackageReference "firebase-ios-sdk" */;
			productName = FirebaseRemoteConfigSwift;
		};
		CE25833F29BB94B70005001F /* FirebaseStorage */ = {
			isa = XCSwiftPackageProductDependency;
			package = CE25830C29BB94B70005001F /* XCRemoteSwiftPackageReference "firebase-ios-sdk" */;
			productName = FirebaseStorage;
		};
		CE25834129BB94B70005001F /* FirebaseStorageCombine-Community */ = {
			isa = XCSwiftPackageProductDependency;
			package = CE25830C29BB94B70005001F /* XCRemoteSwiftPackageReference "firebase-ios-sdk" */;
			productName = "FirebaseStorageCombine-Community";
		};
		CE618E0C29A3CB3600076F7E /* Introspect */ = {
			isa = XCSwiftPackageProductDependency;
			package = CE618E0B29A3CB3600076F7E /* XCRemoteSwiftPackageReference "SwiftUI-Introspect" */;
			productName = Introspect;
		};
		CEA48CC829A270A300B39F84 /* Lottie */ = {
			isa = XCSwiftPackageProductDependency;
			package = CEA48CC729A270A300B39F84 /* XCRemoteSwiftPackageReference "lottie-ios" */;
			productName = Lottie;
		};
		CEE72A902982B2820047403A /* Alamofire */ = {
			isa = XCSwiftPackageProductDependency;
			package = CEE72A8F2982B2820047403A /* XCRemoteSwiftPackageReference "Alamofire" */;
			productName = Alamofire;
		};
		CEE72A932982B2C10047403A /* ComposableArchitecture */ = {
			isa = XCSwiftPackageProductDependency;
			package = CEE72A922982B2C10047403A /* XCRemoteSwiftPackageReference "swift-composable-architecture" */;
			productName = ComposableArchitecture;
		};
		CEF1702329A525F000B5C624 /* GoogleMobileAds */ = {
			isa = XCSwiftPackageProductDependency;
			package = CEF1702229A525F000B5C624 /* XCRemoteSwiftPackageReference "swift-package-manager-google-mobile-ads" */;
			productName = GoogleMobileAds;
		};
/* End XCSwiftPackageProductDependency section */

/* Begin XCVersionGroup section */
		CE7E034D29AB44D700486623 /* Topic.xcdatamodeld */ = {
			isa = XCVersionGroup;
			children = (
				CE7E034E29AB44D700486623 /* CoreData.Topic.xcdatamodel */,
			);
			currentVersion = CE7E034E29AB44D700486623 /* CoreData.Topic.xcdatamodel */;
			path = Topic.xcdatamodeld;
			sourceTree = "<group>";
			versionGroupType = wrapper.xcdatamodel;
		};
/* End XCVersionGroup section */
	};
	rootObject = CEC63271297EBB5E00D9011E /* Project object */;
}
